<?xml version="1.0" encoding="utf-8"?>
<Project ToolsVersion="4.0" xmlns="http://schemas.microsoft.com/developer/msbuild/2003">
  <ItemGroup>
    <Filter Include="Source Files">
      <UniqueIdentifier>{955f5f62-8402-49e6-a8ac-1217979ef2cc}</UniqueIdentifier>
      <Extensions>cpp;c;cxx;def;odl;idl;hpj;bat;asm</Extensions>
    </Filter>
    <Filter Include="Header Files">
      <UniqueIdentifier>{52d6f031-4dea-4d43-986e-177f04fe7f17}</UniqueIdentifier>
      <Extensions>h;hpp;hxx;hm;inl;inc</Extensions>
    </Filter>
    <Filter Include="Resource Files">
      <UniqueIdentifier>{715aae5e-0433-4214-a335-099f74f62c18}</UniqueIdentifier>
      <Extensions>rc;ico;cur;bmp;dlg;rc2;rct;bin;rgs;gif;jpg;jpeg;jpe</Extensions>
    </Filter>
  </ItemGroup>
  <ItemGroup>
    <ClCompile Include="..\body.cpp">
      <Filter>Source Files</Filter>
    </ClCompile>
    <ClCompile Include="..\regex.cpp">
      <Filter>Source Files</Filter>
    </ClCompile>
    <ClCompile Include="stickyqcd.cpp">
      <Filter>Source Files</Filter>
    </ClCompile>
    <ClCompile Include="..\unzip.cpp">
      <Filter>Source Files</Filter>
    </ClCompile>
    <ClCompile Include="..\utils.cpp">
      <Filter>Source Files</Filter>
    </ClCompile>
    <ClCompile Include="QCDVisualsDLL.cpp">
      <Filter>Source Files</Filter>
    </ClCompile>
  </ItemGroup>
  <ItemGroup>
    <ClInclude Include="QCDModDefs.h">
      <Filter>Header Files</Filter>
    </ClInclude>
    <ClInclude Include="QCDModVisuals.h">
      <Filter>Header Files</Filter>
    </ClInclude>
    <ClInclude Include="QCDVisualsDLL.h">
      <Filter>Header Files</Filter>
    </ClInclude>
  </ItemGroup>
  <ItemGroup>
    <None Include="QCD_examples.zip" />
    <None Include="VisTechnical.doc" />
  </ItemGroup>
</Project>