
Microsoft Visual Studio Solution File, Format Version 12.00
# Visual Studio 14
VisualStudioVersion = 14.0.22231.1
MinimumVisualStudioVersion = 10.0.40219.1
Project("{2150E333-8FDC-42A3-9474-1A3956D46DE8}") = ".nuget", ".nuget", "{EE4261AC-14E3-4CB4-990B-6051E2B92CFE}"
	ProjectSection(SolutionItems) = preProject
		.nuget\packages.config = .nuget\packages.config
	EndProjectSection
EndProject
Project("{F184B08F-C81C-45F6-A57F-5ABD9991F28F}") = "DemoAppConsoleVB", "DemoAppConsoleVB\DemoAppConsoleVB.vbproj", "{96E4D186-0102-46A3-A029-8A5BFAE81790}"
EndProject
Project("{FAE04EC0-301F-11D3-BF4B-00C04F79EFBC}") = "DemoAppConsoleCS", "DemoAppConsoleCS\DemoAppConsoleCS.csproj", "{3D6BC658-3FD1-4AB6-9647-C191BFEB5590}"
EndProject
Project("{FAE04EC0-301F-11D3-BF4B-00C04F79EFBC}") = "DemoAppStoreCS", "DemoAppStoreCS\DemoAppStoreCS.csproj", "{F28B55CC-C92A-4F0F-92AA-65A9A03F8412}"
EndProject
Project("{F184B08F-C81C-45F6-A57F-5ABD9991F28F}") = "DemoAppStoreVB", "DemoAppStoreVB\DemoAppStoreVB.vbproj", "{9DC51645-8611-4B5C-930B-0CDFE91F9182}"
EndProject
Project("{F184B08F-C81C-45F6-A57F-5ABD9991F28F}") = "Analyzer_CheckedExceptions", "Analyzer_CheckedExceptions\Analyzer_CheckedExceptions.vbproj", "{5310208D-FB06-411C-8E5E-0B80652044A0}"
EndProject
Project("{F184B08F-C81C-45F6-A57F-5ABD9991F28F}") = "Analyzer_CheckedExceptionsAttribute", "Analyzer_CheckedExceptionsAttribute\Analyzer_CheckedExceptionsAttribute.vbproj", "{3BCEBA1E-8080-4BEA-AAC6-BF7903367BFA}"
EndProject
Project("{FAE04EC0-301F-11D3-BF4B-00C04F79EFBC}") = "CodeRefactoring1", "CodeRefactoring1\CodeRefactoring1\CodeRefactoring1.csproj", "{155B5D51-0334-4C55-964B-75B291BCFAC6}"
EndProject
Project("{F184B08F-C81C-45F6-A57F-5ABD9991F28F}") = "Analyzer_NewLangFeatures_VS2015", "Analyzer_NewLangFeatures_VS2015\Analyzer_NewLangFeatures_VS2015.vbproj", "{B4C010C4-250D-4F4E-8BFA-E7BC576A104B}"
EndProject
Project("{2150E333-8FDC-42A3-9474-1A3956D46DE8}") = "Solution Items", "Solution Items", "{7D74258F-6B16-4BB7-9F6F-68B835D21326}"
	ProjectSection(SolutionItems) = preProject
		..\DotnetCodeAnalyzer.png = ..\DotnetCodeAnalyzer.png
		..\LICENSE = ..\LICENSE
		..\README.md = ..\README.md
	EndProjectSection
EndProject
Project("{F184B08F-C81C-45F6-A57F-5ABD9991F28F}") = "Analyzer_XamlAppTips", "Analyzer_XamlAppTips\Analyzer_XamlAppTips.vbproj", "{97AD7F4A-C247-4155-901C-B324660A4301}"
EndProject
Project("{F184B08F-C81C-45F6-A57F-5ABD9991F28F}") = "Analyzer_XamlAppTips.Vsix", "Analyzer_XamlAppTips\Analyzer_XamlAppTips.Vsix\Analyzer_XamlAppTips.Vsix.vbproj", "{6741800D-05E2-45A3-B475-E314A83B6143}"
EndProject
Project("{F184B08F-C81C-45F6-A57F-5ABD9991F28F}") = "Refactor_NewLangFeatures_VS2015", "Refactor_NewLangFeatures_VS2015\Refactor_NewLangFeatures_VS2015.vbproj", "{E810303B-7443-4575-A1DB-9DCCD7A3F3A5}"
EndProject
Project("{F184B08F-C81C-45F6-A57F-5ABD9991F28F}") = "Refactor_NewLangFeatures_VS2015.Vsix", "Refactor_NewLangFeatures_VS2015\Refactor_NewLangFeatures_VS2015.Vsix\Refactor_NewLangFeatures_VS2015.Vsix.vbproj", "{D5FA8FC4-9A2B-4E08-89E9-D525A33106EC}"
EndProject
Project("{F184B08F-C81C-45F6-A57F-5ABD9991F28F}") = "TestHarness", "TestHarness\TestHarness.vbproj", "{C6E97265-7532-4ECA-9B59-43D98CB20224}"
EndProject
Project("{F184B08F-C81C-45F6-A57F-5ABD9991F28F}") = "Analyzer4", "Analyzer4\Analyzer4\Analyzer4.vbproj", "{6DE6B249-1127-451E-AB6B-5AA25F6B1789}"
EndProject
Project("{F184B08F-C81C-45F6-A57F-5ABD9991F28F}") = "Analyzer4.Test", "Analyzer4\Analyzer4.Test\Analyzer4.Test.vbproj", "{5399E7A8-F8F1-4F2E-A5D2-9C96F3DD2A2D}"
EndProject
Project("{F184B08F-C81C-45F6-A57F-5ABD9991F28F}") = "Analyzer4.Vsix", "Analyzer4\Analyzer4.Vsix\Analyzer4.Vsix.vbproj", "{6B4B1D40-E67A-4950-8C62-D002D7122518}"
EndProject
Project("{FAE04EC0-301F-11D3-BF4B-00C04F79EFBC}") = "ConsoleApplication1", "ConsoleApplication1\ConsoleApplication1.csproj", "{391AA746-59CF-492C-9A09-9A5EA07AF2CB}"
EndProject
Global
	GlobalSection(SolutionConfigurationPlatforms) = preSolution
		Debug|Any CPU = Debug|Any CPU
		Debug|ARM = Debug|ARM
		Debug|Mixed Platforms = Debug|Mixed Platforms
		Debug|x64 = Debug|x64
		Debug|x86 = Debug|x86
		Release|Any CPU = Release|Any CPU
		Release|ARM = Release|ARM
		Release|Mixed Platforms = Release|Mixed Platforms
		Release|x64 = Release|x64
		Release|x86 = Release|x86
	EndGlobalSection
	GlobalSection(ProjectConfigurationPlatforms) = postSolution
		{96E4D186-0102-46A3-A029-8A5BFAE81790}.Debug|Any CPU.ActiveCfg = Debug|Any CPU
		{96E4D186-0102-46A3-A029-8A5BFAE81790}.Debug|Any CPU.Build.0 = Debug|Any CPU
		{96E4D186-0102-46A3-A029-8A5BFAE81790}.Debug|ARM.ActiveCfg = Debug|Any CPU
		{96E4D186-0102-46A3-A029-8A5BFAE81790}.Debug|Mixed Platforms.ActiveCfg = Debug|Any CPU
		{96E4D186-0102-46A3-A029-8A5BFAE81790}.Debug|x64.ActiveCfg = Debug|Any CPU
		{96E4D186-0102-46A3-A029-8A5BFAE81790}.Debug|x86.ActiveCfg = Debug|Any CPU
		{96E4D186-0102-46A3-A029-8A5BFAE81790}.Release|Any CPU.ActiveCfg = Release|Any CPU
		{96E4D186-0102-46A3-A029-8A5BFAE81790}.Release|Any CPU.Build.0 = Release|Any CPU
		{96E4D186-0102-46A3-A029-8A5BFAE81790}.Release|ARM.ActiveCfg = Release|Any CPU
		{96E4D186-0102-46A3-A029-8A5BFAE81790}.Release|Mixed Platforms.ActiveCfg = Release|Any CPU
		{96E4D186-0102-46A3-A029-8A5BFAE81790}.Release|x64.ActiveCfg = Release|Any CPU
		{96E4D186-0102-46A3-A029-8A5BFAE81790}.Release|x86.ActiveCfg = Release|Any CPU
		{3D6BC658-3FD1-4AB6-9647-C191BFEB5590}.Debug|Any CPU.ActiveCfg = Debug|Any CPU
		{3D6BC658-3FD1-4AB6-9647-C191BFEB5590}.Debug|Any CPU.Build.0 = Debug|Any CPU
		{3D6BC658-3FD1-4AB6-9647-C191BFEB5590}.Debug|ARM.ActiveCfg = Debug|Any CPU
		{3D6BC658-3FD1-4AB6-9647-C191BFEB5590}.Debug|Mixed Platforms.ActiveCfg = Debug|Any CPU
		{3D6BC658-3FD1-4AB6-9647-C191BFEB5590}.Debug|Mixed Platforms.Build.0 = Debug|Any CPU
		{3D6BC658-3FD1-4AB6-9647-C191BFEB5590}.Debug|x64.ActiveCfg = Debug|Any CPU
		{3D6BC658-3FD1-4AB6-9647-C191BFEB5590}.Debug|x86.ActiveCfg = Debug|Any CPU
		{3D6BC658-3FD1-4AB6-9647-C191BFEB5590}.Release|Any CPU.ActiveCfg = Release|Any CPU
		{3D6BC658-3FD1-4AB6-9647-C191BFEB5590}.Release|Any CPU.Build.0 = Release|Any CPU
		{3D6BC658-3FD1-4AB6-9647-C191BFEB5590}.Release|ARM.ActiveCfg = Release|Any CPU
		{3D6BC658-3FD1-4AB6-9647-C191BFEB5590}.Release|Mixed Platforms.ActiveCfg = Release|Any CPU
		{3D6BC658-3FD1-4AB6-9647-C191BFEB5590}.Release|Mixed Platforms.Build.0 = Release|Any CPU
		{3D6BC658-3FD1-4AB6-9647-C191BFEB5590}.Release|x64.ActiveCfg = Release|Any CPU
		{3D6BC658-3FD1-4AB6-9647-C191BFEB5590}.Release|x86.ActiveCfg = Release|Any CPU
		{F28B55CC-C92A-4F0F-92AA-65A9A03F8412}.Debug|Any CPU.ActiveCfg = Debug|Any CPU
		{F28B55CC-C92A-4F0F-92AA-65A9A03F8412}.Debug|Any CPU.Build.0 = Debug|Any CPU
		{F28B55CC-C92A-4F0F-92AA-65A9A03F8412}.Debug|Any CPU.Deploy.0 = Debug|Any CPU
		{F28B55CC-C92A-4F0F-92AA-65A9A03F8412}.Debug|ARM.ActiveCfg = Debug|ARM
		{F28B55CC-C92A-4F0F-92AA-65A9A03F8412}.Debug|ARM.Build.0 = Debug|ARM
		{F28B55CC-C92A-4F0F-92AA-65A9A03F8412}.Debug|ARM.Deploy.0 = Debug|ARM
		{F28B55CC-C92A-4F0F-92AA-65A9A03F8412}.Debug|Mixed Platforms.ActiveCfg = Debug|x86
		{F28B55CC-C92A-4F0F-92AA-65A9A03F8412}.Debug|x64.ActiveCfg = Debug|x64
		{F28B55CC-C92A-4F0F-92AA-65A9A03F8412}.Debug|x64.Build.0 = Debug|x64
		{F28B55CC-C92A-4F0F-92AA-65A9A03F8412}.Debug|x64.Deploy.0 = Debug|x64
		{F28B55CC-C92A-4F0F-92AA-65A9A03F8412}.Debug|x86.ActiveCfg = Debug|x86
		{F28B55CC-C92A-4F0F-92AA-65A9A03F8412}.Debug|x86.Build.0 = Debug|x86
		{F28B55CC-C92A-4F0F-92AA-65A9A03F8412}.Debug|x86.Deploy.0 = Debug|x86
		{F28B55CC-C92A-4F0F-92AA-65A9A03F8412}.Release|Any CPU.ActiveCfg = Release|Any CPU
		{F28B55CC-C92A-4F0F-92AA-65A9A03F8412}.Release|Any CPU.Build.0 = Release|Any CPU
		{F28B55CC-C92A-4F0F-92AA-65A9A03F8412}.Release|Any CPU.Deploy.0 = Release|Any CPU
		{F28B55CC-C92A-4F0F-92AA-65A9A03F8412}.Release|ARM.ActiveCfg = Release|ARM
		{F28B55CC-C92A-4F0F-92AA-65A9A03F8412}.Release|ARM.Build.0 = Release|ARM
		{F28B55CC-C92A-4F0F-92AA-65A9A03F8412}.Release|ARM.Deploy.0 = Release|ARM
		{F28B55CC-C92A-4F0F-92AA-65A9A03F8412}.Release|Mixed Platforms.ActiveCfg = Release|x86
		{F28B55CC-C92A-4F0F-92AA-65A9A03F8412}.Release|x64.ActiveCfg = Release|x64
		{F28B55CC-C92A-4F0F-92AA-65A9A03F8412}.Release|x64.Build.0 = Release|x64
		{F28B55CC-C92A-4F0F-92AA-65A9A03F8412}.Release|x64.Deploy.0 = Release|x64
		{F28B55CC-C92A-4F0F-92AA-65A9A03F8412}.Release|x86.ActiveCfg = Release|x86
		{F28B55CC-C92A-4F0F-92AA-65A9A03F8412}.Release|x86.Build.0 = Release|x86
		{F28B55CC-C92A-4F0F-92AA-65A9A03F8412}.Release|x86.Deploy.0 = Release|x86
		{9DC51645-8611-4B5C-930B-0CDFE91F9182}.Debug|Any CPU.ActiveCfg = Debug|Any CPU
		{9DC51645-8611-4B5C-930B-0CDFE91F9182}.Debug|Any CPU.Build.0 = Debug|Any CPU
		{9DC51645-8611-4B5C-930B-0CDFE91F9182}.Debug|Any CPU.Deploy.0 = Debug|Any CPU
		{9DC51645-8611-4B5C-930B-0CDFE91F9182}.Debug|ARM.ActiveCfg = Debug|ARM
		{9DC51645-8611-4B5C-930B-0CDFE91F9182}.Debug|ARM.Build.0 = Debug|ARM
		{9DC51645-8611-4B5C-930B-0CDFE91F9182}.Debug|ARM.Deploy.0 = Debug|ARM
		{9DC51645-8611-4B5C-930B-0CDFE91F9182}.Debug|Mixed Platforms.ActiveCfg = Debug|x86
		{9DC51645-8611-4B5C-930B-0CDFE91F9182}.Debug|x64.ActiveCfg = Debug|x64
		{9DC51645-8611-4B5C-930B-0CDFE91F9182}.Debug|x64.Build.0 = Debug|x64
		{9DC51645-8611-4B5C-930B-0CDFE91F9182}.Debug|x64.Deploy.0 = Debug|x64
		{9DC51645-8611-4B5C-930B-0CDFE91F9182}.Debug|x86.ActiveCfg = Debug|x86
		{9DC51645-8611-4B5C-930B-0CDFE91F9182}.Debug|x86.Build.0 = Debug|x86
		{9DC51645-8611-4B5C-930B-0CDFE91F9182}.Debug|x86.Deploy.0 = Debug|x86
		{9DC51645-8611-4B5C-930B-0CDFE91F9182}.Release|Any CPU.ActiveCfg = Release|Any CPU
		{9DC51645-8611-4B5C-930B-0CDFE91F9182}.Release|Any CPU.Build.0 = Release|Any CPU
		{9DC51645-8611-4B5C-930B-0CDFE91F9182}.Release|Any CPU.Deploy.0 = Release|Any CPU
		{9DC51645-8611-4B5C-930B-0CDFE91F9182}.Release|ARM.ActiveCfg = Release|ARM
		{9DC51645-8611-4B5C-930B-0CDFE91F9182}.Release|ARM.Build.0 = Release|ARM
		{9DC51645-8611-4B5C-930B-0CDFE91F9182}.Release|ARM.Deploy.0 = Release|ARM
		{9DC51645-8611-4B5C-930B-0CDFE91F9182}.Release|Mixed Platforms.ActiveCfg = Release|x86
		{9DC51645-8611-4B5C-930B-0CDFE91F9182}.Release|x64.ActiveCfg = Release|x64
		{9DC51645-8611-4B5C-930B-0CDFE91F9182}.Release|x64.Build.0 = Release|x64
		{9DC51645-8611-4B5C-930B-0CDFE91F9182}.Release|x64.Deploy.0 = Release|x64
		{9DC51645-8611-4B5C-930B-0CDFE91F9182}.Release|x86.ActiveCfg = Release|x86
		{9DC51645-8611-4B5C-930B-0CDFE91F9182}.Release|x86.Build.0 = Release|x86
		{9DC51645-8611-4B5C-930B-0CDFE91F9182}.Release|x86.Deploy.0 = Release|x86
		{5310208D-FB06-411C-8E5E-0B80652044A0}.Debug|Any CPU.ActiveCfg = Debug|Any CPU
		{5310208D-FB06-411C-8E5E-0B80652044A0}.Debug|Any CPU.Build.0 = Debug|Any CPU
		{5310208D-FB06-411C-8E5E-0B80652044A0}.Debug|ARM.ActiveCfg = Debug|Any CPU
		{5310208D-FB06-411C-8E5E-0B80652044A0}.Debug|Mixed Platforms.ActiveCfg = Debug|Any CPU
		{5310208D-FB06-411C-8E5E-0B80652044A0}.Debug|x64.ActiveCfg = Debug|Any CPU
		{5310208D-FB06-411C-8E5E-0B80652044A0}.Debug|x86.ActiveCfg = Debug|Any CPU
		{5310208D-FB06-411C-8E5E-0B80652044A0}.Release|Any CPU.ActiveCfg = Release|Any CPU
		{5310208D-FB06-411C-8E5E-0B80652044A0}.Release|Any CPU.Build.0 = Release|Any CPU
		{5310208D-FB06-411C-8E5E-0B80652044A0}.Release|ARM.ActiveCfg = Release|Any CPU
		{5310208D-FB06-411C-8E5E-0B80652044A0}.Release|Mixed Platforms.ActiveCfg = Release|Any CPU
		{5310208D-FB06-411C-8E5E-0B80652044A0}.Release|x64.ActiveCfg = Release|Any CPU
		{5310208D-FB06-411C-8E5E-0B80652044A0}.Release|x86.ActiveCfg = Release|Any CPU
		{3BCEBA1E-8080-4BEA-AAC6-BF7903367BFA}.Debug|Any CPU.ActiveCfg = Debug|Any CPU
		{3BCEBA1E-8080-4BEA-AAC6-BF7903367BFA}.Debug|Any CPU.Build.0 = Debug|Any CPU
		{3BCEBA1E-8080-4BEA-AAC6-BF7903367BFA}.Debug|ARM.ActiveCfg = Debug|Any CPU
		{3BCEBA1E-8080-4BEA-AAC6-BF7903367BFA}.Debug|Mixed Platforms.ActiveCfg = Debug|Any CPU
		{3BCEBA1E-8080-4BEA-AAC6-BF7903367BFA}.Debug|x64.ActiveCfg = Debug|Any CPU
		{3BCEBA1E-8080-4BEA-AAC6-BF7903367BFA}.Debug|x86.ActiveCfg = Debug|Any CPU
		{3BCEBA1E-8080-4BEA-AAC6-BF7903367BFA}.Release|Any CPU.ActiveCfg = Release|Any CPU
		{3BCEBA1E-8080-4BEA-AAC6-BF7903367BFA}.Release|Any CPU.Build.0 = Release|Any CPU
		{3BCEBA1E-8080-4BEA-AAC6-BF7903367BFA}.Release|ARM.ActiveCfg = Release|Any CPU
		{3BCEBA1E-8080-4BEA-AAC6-BF7903367BFA}.Release|Mixed Platforms.ActiveCfg = Release|Any CPU
		{3BCEBA1E-8080-4BEA-AAC6-BF7903367BFA}.Release|x64.ActiveCfg = Release|Any CPU
		{3BCEBA1E-8080-4BEA-AAC6-BF7903367BFA}.Release|x86.ActiveCfg = Release|Any CPU
		{155B5D51-0334-4C55-964B-75B291BCFAC6}.Debug|Any CPU.ActiveCfg = Debug|Any CPU
		{155B5D51-0334-4C55-964B-75B291BCFAC6}.Debug|Any CPU.Build.0 = Debug|Any CPU
		{155B5D51-0334-4C55-964B-75B291BCFAC6}.Debug|ARM.ActiveCfg = Debug|Any CPU
		{155B5D51-0334-4C55-964B-75B291BCFAC6}.Debug|ARM.Build.0 = Debug|Any CPU
		{155B5D51-0334-4C55-964B-75B291BCFAC6}.Debug|Mixed Platforms.ActiveCfg = Debug|Any CPU
		{155B5D51-0334-4C55-964B-75B291BCFAC6}.Debug|Mixed Platforms.Build.0 = Debug|Any CPU
		{155B5D51-0334-4C55-964B-75B291BCFAC6}.Debug|x64.ActiveCfg = Debug|Any CPU
		{155B5D51-0334-4C55-964B-75B291BCFAC6}.Debug|x64.Build.0 = Debug|Any CPU
		{155B5D51-0334-4C55-964B-75B291BCFAC6}.Debug|x86.ActiveCfg = Debug|Any CPU
		{155B5D51-0334-4C55-964B-75B291BCFAC6}.Debug|x86.Build.0 = Debug|Any CPU
		{155B5D51-0334-4C55-964B-75B291BCFAC6}.Release|Any CPU.ActiveCfg = Release|Any CPU
		{155B5D51-0334-4C55-964B-75B291BCFAC6}.Release|Any CPU.Build.0 = Release|Any CPU
		{155B5D51-0334-4C55-964B-75B291BCFAC6}.Release|ARM.ActiveCfg = Release|Any CPU
		{155B5D51-0334-4C55-964B-75B291BCFAC6}.Release|ARM.Build.0 = Release|Any CPU
		{155B5D51-0334-4C55-964B-75B291BCFAC6}.Release|Mixed Platforms.ActiveCfg = Release|Any CPU
		{155B5D51-0334-4C55-964B-75B291BCFAC6}.Release|Mixed Platforms.Build.0 = Release|Any CPU
		{155B5D51-0334-4C55-964B-75B291BCFAC6}.Release|x64.ActiveCfg = Release|Any CPU
		{155B5D51-0334-4C55-964B-75B291BCFAC6}.Release|x64.Build.0 = Release|Any CPU
		{155B5D51-0334-4C55-964B-75B291BCFAC6}.Release|x86.ActiveCfg = Release|Any CPU
		{155B5D51-0334-4C55-964B-75B291BCFAC6}.Release|x86.Build.0 = Release|Any CPU
		{B4C010C4-250D-4F4E-8BFA-E7BC576A104B}.Debug|Any CPU.ActiveCfg = Debug|Any CPU
		{B4C010C4-250D-4F4E-8BFA-E7BC576A104B}.Debug|Any CPU.Build.0 = Debug|Any CPU
		{B4C010C4-250D-4F4E-8BFA-E7BC576A104B}.Debug|ARM.ActiveCfg = Debug|Any CPU
		{B4C010C4-250D-4F4E-8BFA-E7BC576A104B}.Debug|ARM.Build.0 = Debug|Any CPU
		{B4C010C4-250D-4F4E-8BFA-E7BC576A104B}.Debug|Mixed Platforms.ActiveCfg = Debug|Any CPU
		{B4C010C4-250D-4F4E-8BFA-E7BC576A104B}.Debug|Mixed Platforms.Build.0 = Debug|Any CPU
		{B4C010C4-250D-4F4E-8BFA-E7BC576A104B}.Debug|x64.ActiveCfg = Debug|Any CPU
		{B4C010C4-250D-4F4E-8BFA-E7BC576A104B}.Debug|x64.Build.0 = Debug|Any CPU
		{B4C010C4-250D-4F4E-8BFA-E7BC576A104B}.Debug|x86.ActiveCfg = Debug|Any CPU
		{B4C010C4-250D-4F4E-8BFA-E7BC576A104B}.Debug|x86.Build.0 = Debug|Any CPU
		{B4C010C4-250D-4F4E-8BFA-E7BC576A104B}.Release|Any CPU.ActiveCfg = Release|Any CPU
		{B4C010C4-250D-4F4E-8BFA-E7BC576A104B}.Release|Any CPU.Build.0 = Release|Any CPU
		{B4C010C4-250D-4F4E-8BFA-E7BC576A104B}.Release|ARM.ActiveCfg = Release|Any CPU
		{B4C010C4-250D-4F4E-8BFA-E7BC576A104B}.Release|ARM.Build.0 = Release|Any CPU
		{B4C010C4-250D-4F4E-8BFA-E7BC576A104B}.Release|Mixed Platforms.ActiveCfg = Release|Any CPU
		{B4C010C4-250D-4F4E-8BFA-E7BC576A104B}.Release|Mixed Platforms.Build.0 = Release|Any CPU
		{B4C010C4-250D-4F4E-8BFA-E7BC576A104B}.Release|x64.ActiveCfg = Release|Any CPU
		{B4C010C4-250D-4F4E-8BFA-E7BC576A104B}.Release|x64.Build.0 = Release|Any CPU
		{B4C010C4-250D-4F4E-8BFA-E7BC576A104B}.Release|x86.ActiveCfg = Release|Any CPU
		{B4C010C4-250D-4F4E-8BFA-E7BC576A104B}.Release|x86.Build.0 = Release|Any CPU
		{97AD7F4A-C247-4155-901C-B324660A4301}.Debug|Any CPU.ActiveCfg = Debug|Any CPU
		{97AD7F4A-C247-4155-901C-B324660A4301}.Debug|Any CPU.Build.0 = Debug|Any CPU
		{97AD7F4A-C247-4155-901C-B324660A4301}.Debug|ARM.ActiveCfg = Debug|Any CPU
		{97AD7F4A-C247-4155-901C-B324660A4301}.Debug|ARM.Build.0 = Debug|Any CPU
		{97AD7F4A-C247-4155-901C-B324660A4301}.Debug|Mixed Platforms.ActiveCfg = Debug|Any CPU
		{97AD7F4A-C247-4155-901C-B324660A4301}.Debug|Mixed Platforms.Build.0 = Debug|Any CPU
		{97AD7F4A-C247-4155-901C-B324660A4301}.Debug|x64.ActiveCfg = Debug|Any CPU
		{97AD7F4A-C247-4155-901C-B324660A4301}.Debug|x64.Build.0 = Debug|Any CPU
		{97AD7F4A-C247-4155-901C-B324660A4301}.Debug|x86.ActiveCfg = Debug|Any CPU
		{97AD7F4A-C247-4155-901C-B324660A4301}.Debug|x86.Build.0 = Debug|Any CPU
		{97AD7F4A-C247-4155-901C-B324660A4301}.Release|Any CPU.ActiveCfg = Release|Any CPU
		{97AD7F4A-C247-4155-901C-B324660A4301}.Release|Any CPU.Build.0 = Release|Any CPU
		{97AD7F4A-C247-4155-901C-B324660A4301}.Release|ARM.ActiveCfg = Release|Any CPU
		{97AD7F4A-C247-4155-901C-B324660A4301}.Release|ARM.Build.0 = Release|Any CPU
		{97AD7F4A-C247-4155-901C-B324660A4301}.Release|Mixed Platforms.ActiveCfg = Release|Any CPU
		{97AD7F4A-C247-4155-901C-B324660A4301}.Release|Mixed Platforms.Build.0 = Release|Any CPU
		{97AD7F4A-C247-4155-901C-B324660A4301}.Release|x64.ActiveCfg = Release|Any CPU
		{97AD7F4A-C247-4155-901C-B324660A4301}.Release|x64.Build.0 = Release|Any CPU
		{97AD7F4A-C247-4155-901C-B324660A4301}.Release|x86.ActiveCfg = Release|Any CPU
		{97AD7F4A-C247-4155-901C-B324660A4301}.Release|x86.Build.0 = Release|Any CPU
		{6741800D-05E2-45A3-B475-E314A83B6143}.Debug|Any CPU.ActiveCfg = Debug|Any CPU
		{6741800D-05E2-45A3-B475-E314A83B6143}.Debug|Any CPU.Build.0 = Debug|Any CPU
		{6741800D-05E2-45A3-B475-E314A83B6143}.Debug|ARM.ActiveCfg = Debug|Any CPU
		{6741800D-05E2-45A3-B475-E314A83B6143}.Debug|ARM.Build.0 = Debug|Any CPU
		{6741800D-05E2-45A3-B475-E314A83B6143}.Debug|Mixed Platforms.ActiveCfg = Debug|Any CPU
		{6741800D-05E2-45A3-B475-E314A83B6143}.Debug|Mixed Platforms.Build.0 = Debug|Any CPU
		{6741800D-05E2-45A3-B475-E314A83B6143}.Debug|x64.ActiveCfg = Debug|Any CPU
		{6741800D-05E2-45A3-B475-E314A83B6143}.Debug|x64.Build.0 = Debug|Any CPU
		{6741800D-05E2-45A3-B475-E314A83B6143}.Debug|x86.ActiveCfg = Debug|Any CPU
		{6741800D-05E2-45A3-B475-E314A83B6143}.Debug|x86.Build.0 = Debug|Any CPU
		{6741800D-05E2-45A3-B475-E314A83B6143}.Release|Any CPU.ActiveCfg = Release|Any CPU
		{6741800D-05E2-45A3-B475-E314A83B6143}.Release|Any CPU.Build.0 = Release|Any CPU
		{6741800D-05E2-45A3-B475-E314A83B6143}.Release|ARM.ActiveCfg = Release|Any CPU
		{6741800D-05E2-45A3-B475-E314A83B6143}.Release|ARM.Build.0 = Release|Any CPU
		{6741800D-05E2-45A3-B475-E314A83B6143}.Release|Mixed Platforms.ActiveCfg = Release|Any CPU
		{6741800D-05E2-45A3-B475-E314A83B6143}.Release|Mixed Platforms.Build.0 = Release|Any CPU
		{6741800D-05E2-45A3-B475-E314A83B6143}.Release|x64.ActiveCfg = Release|Any CPU
		{6741800D-05E2-45A3-B475-E314A83B6143}.Release|x64.Build.0 = Release|Any CPU
		{6741800D-05E2-45A3-B475-E314A83B6143}.Release|x86.ActiveCfg = Release|Any CPU
		{6741800D-05E2-45A3-B475-E314A83B6143}.Release|x86.Build.0 = Release|Any CPU
		{E810303B-7443-4575-A1DB-9DCCD7A3F3A5}.Debug|Any CPU.ActiveCfg = Debug|Any CPU
		{E810303B-7443-4575-A1DB-9DCCD7A3F3A5}.Debug|Any CPU.Build.0 = Debug|Any CPU
		{E810303B-7443-4575-A1DB-9DCCD7A3F3A5}.Debug|ARM.ActiveCfg = Debug|Any CPU
		{E810303B-7443-4575-A1DB-9DCCD7A3F3A5}.Debug|ARM.Build.0 = Debug|Any CPU
		{E810303B-7443-4575-A1DB-9DCCD7A3F3A5}.Debug|Mixed Platforms.ActiveCfg = Debug|Any CPU
		{E810303B-7443-4575-A1DB-9DCCD7A3F3A5}.Debug|Mixed Platforms.Build.0 = Debug|Any CPU
		{E810303B-7443-4575-A1DB-9DCCD7A3F3A5}.Debug|x64.ActiveCfg = Debug|Any CPU
		{E810303B-7443-4575-A1DB-9DCCD7A3F3A5}.Debug|x64.Build.0 = Debug|Any CPU
		{E810303B-7443-4575-A1DB-9DCCD7A3F3A5}.Debug|x86.ActiveCfg = Debug|Any CPU
		{E810303B-7443-4575-A1DB-9DCCD7A3F3A5}.Debug|x86.Build.0 = Debug|Any CPU
		{E810303B-7443-4575-A1DB-9DCCD7A3F3A5}.Release|Any CPU.ActiveCfg = Release|Any CPU
		{E810303B-7443-4575-A1DB-9DCCD7A3F3A5}.Release|Any CPU.Build.0 = Release|Any CPU
		{E810303B-7443-4575-A1DB-9DCCD7A3F3A5}.Release|ARM.ActiveCfg = Release|Any CPU
		{E810303B-7443-4575-A1DB-9DCCD7A3F3A5}.Release|ARM.Build.0 = Release|Any CPU
		{E810303B-7443-4575-A1DB-9DCCD7A3F3A5}.Release|Mixed Platforms.ActiveCfg = Release|Any CPU
		{E810303B-7443-4575-A1DB-9DCCD7A3F3A5}.Release|Mixed Platforms.Build.0 = Release|Any CPU
		{E810303B-7443-4575-A1DB-9DCCD7A3F3A5}.Release|x64.ActiveCfg = Release|Any CPU
		{E810303B-7443-4575-A1DB-9DCCD7A3F3A5}.Release|x64.Build.0 = Release|Any CPU
		{E810303B-7443-4575-A1DB-9DCCD7A3F3A5}.Release|x86.ActiveCfg = Release|Any CPU
		{E810303B-7443-4575-A1DB-9DCCD7A3F3A5}.Release|x86.Build.0 = Release|Any CPU
		{D5FA8FC4-9A2B-4E08-89E9-D525A33106EC}.Debug|Any CPU.ActiveCfg = Debug|Any CPU
		{D5FA8FC4-9A2B-4E08-89E9-D525A33106EC}.Debug|Any CPU.Build.0 = Debug|Any CPU
		{D5FA8FC4-9A2B-4E08-89E9-D525A33106EC}.Debug|ARM.ActiveCfg = Debug|Any CPU
		{D5FA8FC4-9A2B-4E08-89E9-D525A33106EC}.Debug|ARM.Build.0 = Debug|Any CPU
		{D5FA8FC4-9A2B-4E08-89E9-D525A33106EC}.Debug|Mixed Platforms.ActiveCfg = Debug|Any CPU
		{D5FA8FC4-9A2B-4E08-89E9-D525A33106EC}.Debug|Mixed Platforms.Build.0 = Debug|Any CPU
		{D5FA8FC4-9A2B-4E08-89E9-D525A33106EC}.Debug|x64.ActiveCfg = Debug|Any CPU
		{D5FA8FC4-9A2B-4E08-89E9-D525A33106EC}.Debug|x64.Build.0 = Debug|Any CPU
		{D5FA8FC4-9A2B-4E08-89E9-D525A33106EC}.Debug|x86.ActiveCfg = Debug|Any CPU
		{D5FA8FC4-9A2B-4E08-89E9-D525A33106EC}.Debug|x86.Build.0 = Debug|Any CPU
		{D5FA8FC4-9A2B-4E08-89E9-D525A33106EC}.Release|Any CPU.ActiveCfg = Release|Any CPU
		{D5FA8FC4-9A2B-4E08-89E9-D525A33106EC}.Release|Any CPU.Build.0 = Release|Any CPU
		{D5FA8FC4-9A2B-4E08-89E9-D525A33106EC}.Release|ARM.ActiveCfg = Release|Any CPU
		{D5FA8FC4-9A2B-4E08-89E9-D525A33106EC}.Release|ARM.Build.0 = Release|Any CPU
		{D5FA8FC4-9A2B-4E08-89E9-D525A33106EC}.Release|Mixed Platforms.ActiveCfg = Release|Any CPU
		{D5FA8FC4-9A2B-4E08-89E9-D525A33106EC}.Release|Mixed Platforms.Build.0 = Release|Any CPU
		{D5FA8FC4-9A2B-4E08-89E9-D525A33106EC}.Release|x64.ActiveCfg = Release|Any CPU
		{D5FA8FC4-9A2B-4E08-89E9-D525A33106EC}.Release|x64.Build.0 = Release|Any CPU
		{D5FA8FC4-9A2B-4E08-89E9-D525A33106EC}.Release|x86.ActiveCfg = Release|Any CPU
		{D5FA8FC4-9A2B-4E08-89E9-D525A33106EC}.Release|x86.Build.0 = Release|Any CPU
		{C6E97265-7532-4ECA-9B59-43D98CB20224}.Debug|Any CPU.ActiveCfg = Debug|x86
		{C6E97265-7532-4ECA-9B59-43D98CB20224}.Debug|ARM.ActiveCfg = Debug|x86
		{C6E97265-7532-4ECA-9B59-43D98CB20224}.Debug|Mixed Platforms.ActiveCfg = Debug|x86
		{C6E97265-7532-4ECA-9B59-43D98CB20224}.Debug|Mixed Platforms.Build.0 = Debug|x86
		{C6E97265-7532-4ECA-9B59-43D98CB20224}.Debug|x64.ActiveCfg = Debug|x86
		{C6E97265-7532-4ECA-9B59-43D98CB20224}.Debug|x86.ActiveCfg = Debug|x86
		{C6E97265-7532-4ECA-9B59-43D98CB20224}.Debug|x86.Build.0 = Debug|x86
		{C6E97265-7532-4ECA-9B59-43D98CB20224}.Release|Any CPU.ActiveCfg = Release|x86
		{C6E97265-7532-4ECA-9B59-43D98CB20224}.Release|ARM.ActiveCfg = Release|x86
		{C6E97265-7532-4ECA-9B59-43D98CB20224}.Release|Mixed Platforms.ActiveCfg = Release|x86
		{C6E97265-7532-4ECA-9B59-43D98CB20224}.Release|Mixed Platforms.Build.0 = Release|x86
		{C6E97265-7532-4ECA-9B59-43D98CB20224}.Release|x64.ActiveCfg = Release|x86
		{C6E97265-7532-4ECA-9B59-43D98CB20224}.Release|x86.ActiveCfg = Release|x86
		{C6E97265-7532-4ECA-9B59-43D98CB20224}.Release|x86.Build.0 = Release|x86
		{6DE6B249-1127-451E-AB6B-5AA25F6B1789}.Debug|Any CPU.ActiveCfg = Debug|Any CPU
		{6DE6B249-1127-451E-AB6B-5AA25F6B1789}.Debug|Any CPU.Build.0 = Debug|Any CPU
		{6DE6B249-1127-451E-AB6B-5AA25F6B1789}.Debug|ARM.ActiveCfg = Debug|Any CPU
		{6DE6B249-1127-451E-AB6B-5AA25F6B1789}.Debug|ARM.Build.0 = Debug|Any CPU
		{6DE6B249-1127-451E-AB6B-5AA25F6B1789}.Debug|Mixed Platforms.ActiveCfg = Debug|Any CPU
		{6DE6B249-1127-451E-AB6B-5AA25F6B1789}.Debug|Mixed Platforms.Build.0 = Debug|Any CPU
		{6DE6B249-1127-451E-AB6B-5AA25F6B1789}.Debug|x64.ActiveCfg = Debug|Any CPU
		{6DE6B249-1127-451E-AB6B-5AA25F6B1789}.Debug|x64.Build.0 = Debug|Any CPU
		{6DE6B249-1127-451E-AB6B-5AA25F6B1789}.Debug|x86.ActiveCfg = Debug|Any CPU
		{6DE6B249-1127-451E-AB6B-5AA25F6B1789}.Debug|x86.Build.0 = Debug|Any CPU
		{6DE6B249-1127-451E-AB6B-5AA25F6B1789}.Release|Any CPU.ActiveCfg = Release|Any CPU
		{6DE6B249-1127-451E-AB6B-5AA25F6B1789}.Release|Any CPU.Build.0 = Release|Any CPU
		{6DE6B249-1127-451E-AB6B-5AA25F6B1789}.Release|ARM.ActiveCfg = Release|Any CPU
		{6DE6B249-1127-451E-AB6B-5AA25F6B1789}.Release|ARM.Build.0 = Release|Any CPU
		{6DE6B249-1127-451E-AB6B-5AA25F6B1789}.Release|Mixed Platforms.ActiveCfg = Release|Any CPU
		{6DE6B249-1127-451E-AB6B-5AA25F6B1789}.Release|Mixed Platforms.Build.0 = Release|Any CPU
		{6DE6B249-1127-451E-AB6B-5AA25F6B1789}.Release|x64.ActiveCfg = Release|Any CPU
		{6DE6B249-1127-451E-AB6B-5AA25F6B1789}.Release|x64.Build.0 = Release|Any CPU
		{6DE6B249-1127-451E-AB6B-5AA25F6B1789}.Release|x86.ActiveCfg = Release|Any CPU
		{6DE6B249-1127-451E-AB6B-5AA25F6B1789}.Release|x86.Build.0 = Release|Any CPU
		{5399E7A8-F8F1-4F2E-A5D2-9C96F3DD2A2D}.Debug|Any CPU.ActiveCfg = Debug|Any CPU
		{5399E7A8-F8F1-4F2E-A5D2-9C96F3DD2A2D}.Debug|Any CPU.Build.0 = Debug|Any CPU
		{5399E7A8-F8F1-4F2E-A5D2-9C96F3DD2A2D}.Debug|ARM.ActiveCfg = Debug|Any CPU
		{5399E7A8-F8F1-4F2E-A5D2-9C96F3DD2A2D}.Debug|ARM.Build.0 = Debug|Any CPU
		{5399E7A8-F8F1-4F2E-A5D2-9C96F3DD2A2D}.Debug|Mixed Platforms.ActiveCfg = Debug|Any CPU
		{5399E7A8-F8F1-4F2E-A5D2-9C96F3DD2A2D}.Debug|Mixed Platforms.Build.0 = Debug|Any CPU
		{5399E7A8-F8F1-4F2E-A5D2-9C96F3DD2A2D}.Debug|x64.ActiveCfg = Debug|Any CPU
		{5399E7A8-F8F1-4F2E-A5D2-9C96F3DD2A2D}.Debug|x64.Build.0 = Debug|Any CPU
		{5399E7A8-F8F1-4F2E-A5D2-9C96F3DD2A2D}.Debug|x86.ActiveCfg = Debug|Any CPU
		{5399E7A8-F8F1-4F2E-A5D2-9C96F3DD2A2D}.Debug|x86.Build.0 = Debug|Any CPU
		{5399E7A8-F8F1-4F2E-A5D2-9C96F3DD2A2D}.Release|Any CPU.ActiveCfg = Release|Any CPU
		{5399E7A8-F8F1-4F2E-A5D2-9C96F3DD2A2D}.Release|Any CPU.Build.0 = Release|Any CPU
		{5399E7A8-F8F1-4F2E-A5D2-9C96F3DD2A2D}.Release|ARM.ActiveCfg = Release|Any CPU
		{5399E7A8-F8F1-4F2E-A5D2-9C96F3DD2A2D}.Release|ARM.Build.0 = Release|Any CPU
		{5399E7A8-F8F1-4F2E-A5D2-9C96F3DD2A2D}.Release|Mixed Platforms.ActiveCfg = Release|Any CPU
		{5399E7A8-F8F1-4F2E-A5D2-9C96F3DD2A2D}.Release|Mixed Platforms.Build.0 = Release|Any CPU
		{5399E7A8-F8F1-4F2E-A5D2-9C96F3DD2A2D}.Release|x64.ActiveCfg = Release|Any CPU
		{5399E7A8-F8F1-4F2E-A5D2-9C96F3DD2A2D}.Release|x64.Build.0 = Release|Any CPU
		{5399E7A8-F8F1-4F2E-A5D2-9C96F3DD2A2D}.Release|x86.ActiveCfg = Release|Any CPU
		{5399E7A8-F8F1-4F2E-A5D2-9C96F3DD2A2D}.Release|x86.Build.0 = Release|Any CPU
		{6B4B1D40-E67A-4950-8C62-D002D7122518}.Debug|Any CPU.ActiveCfg = Debug|Any CPU
		{6B4B1D40-E67A-4950-8C62-D002D7122518}.Debug|Any CPU.Build.0 = Debug|Any CPU
		{6B4B1D40-E67A-4950-8C62-D002D7122518}.Debug|ARM.ActiveCfg = Debug|Any CPU
		{6B4B1D40-E67A-4950-8C62-D002D7122518}.Debug|ARM.Build.0 = Debug|Any CPU
		{6B4B1D40-E67A-4950-8C62-D002D7122518}.Debug|Mixed Platforms.ActiveCfg = Debug|Any CPU
		{6B4B1D40-E67A-4950-8C62-D002D7122518}.Debug|Mixed Platforms.Build.0 = Debug|Any CPU
		{6B4B1D40-E67A-4950-8C62-D002D7122518}.Debug|x64.ActiveCfg = Debug|Any CPU
		{6B4B1D40-E67A-4950-8C62-D002D7122518}.Debug|x64.Build.0 = Debug|Any CPU
		{6B4B1D40-E67A-4950-8C62-D002D7122518}.Debug|x86.ActiveCfg = Debug|Any CPU
		{6B4B1D40-E67A-4950-8C62-D002D7122518}.Debug|x86.Build.0 = Debug|Any CPU
		{6B4B1D40-E67A-4950-8C62-D002D7122518}.Release|Any CPU.ActiveCfg = Release|Any CPU
		{6B4B1D40-E67A-4950-8C62-D002D7122518}.Release|Any CPU.Build.0 = Release|Any CPU
		{6B4B1D40-E67A-4950-8C62-D002D7122518}.Release|ARM.ActiveCfg = Release|Any CPU
		{6B4B1D40-E67A-4950-8C62-D002D7122518}.Release|ARM.Build.0 = Release|Any CPU
		{6B4B1D40-E67A-4950-8C62-D002D7122518}.Release|Mixed Platforms.ActiveCfg = Release|Any CPU
		{6B4B1D40-E67A-4950-8C62-D002D7122518}.Release|Mixed Platforms.Build.0 = Release|Any CPU
		{6B4B1D40-E67A-4950-8C62-D002D7122518}.Release|x64.ActiveCfg = Release|Any CPU
		{6B4B1D40-E67A-4950-8C62-D002D7122518}.Release|x64.Build.0 = Release|Any CPU
		{6B4B1D40-E67A-4950-8C62-D002D7122518}.Release|x86.ActiveCfg = Release|Any CPU
		{6B4B1D40-E67A-4950-8C62-D002D7122518}.Release|x86.Build.0 = Release|Any CPU
		{391AA746-59CF-492C-9A09-9A5EA07AF2CB}.Debug|Any CPU.ActiveCfg = Debug|x86
		{391AA746-59CF-492C-9A09-9A5EA07AF2CB}.Debug|ARM.ActiveCfg = Debug|x86
		{391AA746-59CF-492C-9A09-9A5EA07AF2CB}.Debug|Mixed Platforms.ActiveCfg = Debug|x86
		{391AA746-59CF-492C-9A09-9A5EA07AF2CB}.Debug|Mixed Platforms.Build.0 = Debug|x86
		{391AA746-59CF-492C-9A09-9A5EA07AF2CB}.Debug|x64.ActiveCfg = Debug|x86
		{391AA746-59CF-492C-9A09-9A5EA07AF2CB}.Debug|x86.ActiveCfg = Debug|x86
		{391AA746-59CF-492C-9A09-9A5EA07AF2CB}.Debug|x86.Build.0 = Debug|x86
		{391AA746-59CF-492C-9A09-9A5EA07AF2CB}.Release|Any CPU.ActiveCfg = Release|x86
		{391AA746-59CF-492C-9A09-9A5EA07AF2CB}.Release|ARM.ActiveCfg = Release|x86
		{391AA746-59CF-492C-9A09-9A5EA07AF2CB}.Release|Mixed Platforms.ActiveCfg = Release|x86
		{391AA746-59CF-492C-9A09-9A5EA07AF2CB}.Release|Mixed Platforms.Build.0 = Release|x86
		{391AA746-59CF-492C-9A09-9A5EA07AF2CB}.Release|x64.ActiveCfg = Release|x86
		{391AA746-59CF-492C-9A09-9A5EA07AF2CB}.Release|x86.ActiveCfg = Release|x86
		{391AA746-59CF-492C-9A09-9A5EA07AF2CB}.Release|x86.Build.0 = Release|x86
	EndGlobalSection
	GlobalSection(SolutionProperties) = preSolution
		HideSolutionNode = FALSE
	EndGlobalSection
EndGlobal
