
Microsoft Visual Studio Solution File, Format Version 12.00
# Visual Studio 14
VisualStudioVersion = 14.0.22823.1
MinimumVisualStudioVersion = 10.0.40219.1
Project("{F184B08F-C81C-45F6-A57F-5ABD9991F28F}") = "GameOfLife", "GameOfLife\GameOfLife.vbproj", "{990732B8-68EA-45F8-AB66-79CE5D328159}"
EndProject
Project("{F184B08F-C81C-45F6-A57F-5ABD9991F28F}") = "FallingSand", "FallingSand\FallingSand.vbproj", "{6C02B0C4-CA30-4D32-B2B0-F075AA6C9C7F}"
EndProject
Project("{F184B08F-C81C-45F6-A57F-5ABD9991F28F}") = "EffectExplorer", "EffectExplorer\EffectExplorer.vbproj", "{486B08FF-D201-4EE3-AF15-E50013E600CA}"
EndProject
Project("{F184B08F-C81C-45F6-A57F-5ABD9991F28F}") = "Mandelbrot", "Mandelbrot\Mandelbrot.vbproj", "{053D44C4-5BD5-4064-A776-6F748DB6CD0C}"
EndProject
Project("{F184B08F-C81C-45F6-A57F-5ABD9991F28F}") = "Explosions", "Explosions\Explosions.vbproj", "{0166C4E5-817C-4543-9905-A91CAAE11872}"
EndProject
Project("{F184B08F-C81C-45F6-A57F-5ABD9991F28F}") = "Circles", "Circles\Circles.vbproj", "{37374737-CA0F-4E69-83DD-2441A03A3A32}"
EndProject
Project("{F184B08F-C81C-45F6-A57F-5ABD9991F28F}") = "GettingStarted", "GettingStarted\GettingStarted.vbproj", "{C0F6E7C1-A9DC-4E97-B70C-7B6F758F4915}"
EndProject
Global
	GlobalSection(SolutionConfigurationPlatforms) = preSolution
		Debug|ARM = Debug|ARM
		Debug|x64 = Debug|x64
		Debug|x86 = Debug|x86
		Release|ARM = Release|ARM
		Release|x64 = Release|x64
		Release|x86 = Release|x86
	EndGlobalSection
	GlobalSection(ProjectConfigurationPlatforms) = postSolution
		{990732B8-68EA-45F8-AB66-79CE5D328159}.Debug|ARM.ActiveCfg = Debug|ARM
		{990732B8-68EA-45F8-AB66-79CE5D328159}.Debug|ARM.Build.0 = Debug|ARM
		{990732B8-68EA-45F8-AB66-79CE5D328159}.Debug|ARM.Deploy.0 = Debug|ARM
		{990732B8-68EA-45F8-AB66-79CE5D328159}.Debug|x64.ActiveCfg = Debug|x64
		{990732B8-68EA-45F8-AB66-79CE5D328159}.Debug|x64.Build.0 = Debug|x64
		{990732B8-68EA-45F8-AB66-79CE5D328159}.Debug|x64.Deploy.0 = Debug|x64
		{990732B8-68EA-45F8-AB66-79CE5D328159}.Debug|x86.ActiveCfg = Debug|x86
		{990732B8-68EA-45F8-AB66-79CE5D328159}.Debug|x86.Build.0 = Debug|x86
		{990732B8-68EA-45F8-AB66-79CE5D328159}.Debug|x86.Deploy.0 = Debug|x86
		{990732B8-68EA-45F8-AB66-79CE5D328159}.Release|ARM.ActiveCfg = Release|ARM
		{990732B8-68EA-45F8-AB66-79CE5D328159}.Release|ARM.Build.0 = Release|ARM
		{990732B8-68EA-45F8-AB66-79CE5D328159}.Release|ARM.Deploy.0 = Release|ARM
		{990732B8-68EA-45F8-AB66-79CE5D328159}.Release|x64.ActiveCfg = Release|x64
		{990732B8-68EA-45F8-AB66-79CE5D328159}.Release|x64.Build.0 = Release|x64
		{990732B8-68EA-45F8-AB66-79CE5D328159}.Release|x64.Deploy.0 = Release|x64
		{990732B8-68EA-45F8-AB66-79CE5D328159}.Release|x86.ActiveCfg = Release|x86
		{990732B8-68EA-45F8-AB66-79CE5D328159}.Release|x86.Build.0 = Release|x86
		{990732B8-68EA-45F8-AB66-79CE5D328159}.Release|x86.Deploy.0 = Release|x86
		{6C02B0C4-CA30-4D32-B2B0-F075AA6C9C7F}.Debug|ARM.ActiveCfg = Debug|ARM
		{6C02B0C4-CA30-4D32-B2B0-F075AA6C9C7F}.Debug|ARM.Build.0 = Debug|ARM
		{6C02B0C4-CA30-4D32-B2B0-F075AA6C9C7F}.Debug|ARM.Deploy.0 = Debug|ARM
		{6C02B0C4-CA30-4D32-B2B0-F075AA6C9C7F}.Debug|x64.ActiveCfg = Debug|x64
		{6C02B0C4-CA30-4D32-B2B0-F075AA6C9C7F}.Debug|x64.Build.0 = Debug|x64
		{6C02B0C4-CA30-4D32-B2B0-F075AA6C9C7F}.Debug|x64.Deploy.0 = Debug|x64
		{6C02B0C4-CA30-4D32-B2B0-F075AA6C9C7F}.Debug|x86.ActiveCfg = Debug|x86
		{6C02B0C4-CA30-4D32-B2B0-F075AA6C9C7F}.Debug|x86.Build.0 = Debug|x86
		{6C02B0C4-CA30-4D32-B2B0-F075AA6C9C7F}.Debug|x86.Deploy.0 = Debug|x86
		{6C02B0C4-CA30-4D32-B2B0-F075AA6C9C7F}.Release|ARM.ActiveCfg = Release|ARM
		{6C02B0C4-CA30-4D32-B2B0-F075AA6C9C7F}.Release|ARM.Build.0 = Release|ARM
		{6C02B0C4-CA30-4D32-B2B0-F075AA6C9C7F}.Release|ARM.Deploy.0 = Release|ARM
		{6C02B0C4-CA30-4D32-B2B0-F075AA6C9C7F}.Release|x64.ActiveCfg = Release|x64
		{6C02B0C4-CA30-4D32-B2B0-F075AA6C9C7F}.Release|x64.Build.0 = Release|x64
		{6C02B0C4-CA30-4D32-B2B0-F075AA6C9C7F}.Release|x64.Deploy.0 = Release|x64
		{6C02B0C4-CA30-4D32-B2B0-F075AA6C9C7F}.Release|x86.ActiveCfg = Release|x86
		{6C02B0C4-CA30-4D32-B2B0-F075AA6C9C7F}.Release|x86.Build.0 = Release|x86
		{6C02B0C4-CA30-4D32-B2B0-F075AA6C9C7F}.Release|x86.Deploy.0 = Release|x86
		{486B08FF-D201-4EE3-AF15-E50013E600CA}.Debug|ARM.ActiveCfg = Debug|ARM
		{486B08FF-D201-4EE3-AF15-E50013E600CA}.Debug|ARM.Build.0 = Debug|ARM
		{486B08FF-D201-4EE3-AF15-E50013E600CA}.Debug|ARM.Deploy.0 = Debug|ARM
		{486B08FF-D201-4EE3-AF15-E50013E600CA}.Debug|x64.ActiveCfg = Debug|x64
		{486B08FF-D201-4EE3-AF15-E50013E600CA}.Debug|x64.Build.0 = Debug|x64
		{486B08FF-D201-4EE3-AF15-E50013E600CA}.Debug|x64.Deploy.0 = Debug|x64
		{486B08FF-D201-4EE3-AF15-E50013E600CA}.Debug|x86.ActiveCfg = Debug|x86
		{486B08FF-D201-4EE3-AF15-E50013E600CA}.Debug|x86.Build.0 = Debug|x86
		{486B08FF-D201-4EE3-AF15-E50013E600CA}.Debug|x86.Deploy.0 = Debug|x86
		{486B08FF-D201-4EE3-AF15-E50013E600CA}.Release|ARM.ActiveCfg = Release|ARM
		{486B08FF-D201-4EE3-AF15-E50013E600CA}.Release|ARM.Build.0 = Release|ARM
		{486B08FF-D201-4EE3-AF15-E50013E600CA}.Release|ARM.Deploy.0 = Release|ARM
		{486B08FF-D201-4EE3-AF15-E50013E600CA}.Release|x64.ActiveCfg = Release|x64
		{486B08FF-D201-4EE3-AF15-E50013E600CA}.Release|x64.Build.0 = Release|x64
		{486B08FF-D201-4EE3-AF15-E50013E600CA}.Release|x64.Deploy.0 = Release|x64
		{486B08FF-D201-4EE3-AF15-E50013E600CA}.Release|x86.ActiveCfg = Release|x86
		{486B08FF-D201-4EE3-AF15-E50013E600CA}.Release|x86.Build.0 = Release|x86
		{486B08FF-D201-4EE3-AF15-E50013E600CA}.Release|x86.Deploy.0 = Release|x86
		{053D44C4-5BD5-4064-A776-6F748DB6CD0C}.Debug|ARM.ActiveCfg = Debug|ARM
		{053D44C4-5BD5-4064-A776-6F748DB6CD0C}.Debug|ARM.Build.0 = Debug|ARM
		{053D44C4-5BD5-4064-A776-6F748DB6CD0C}.Debug|ARM.Deploy.0 = Debug|ARM
		{053D44C4-5BD5-4064-A776-6F748DB6CD0C}.Debug|x64.ActiveCfg = Debug|x64
		{053D44C4-5BD5-4064-A776-6F748DB6CD0C}.Debug|x64.Build.0 = Debug|x64
		{053D44C4-5BD5-4064-A776-6F748DB6CD0C}.Debug|x64.Deploy.0 = Debug|x64
		{053D44C4-5BD5-4064-A776-6F748DB6CD0C}.Debug|x86.ActiveCfg = Debug|x86
		{053D44C4-5BD5-4064-A776-6F748DB6CD0C}.Debug|x86.Build.0 = Debug|x86
		{053D44C4-5BD5-4064-A776-6F748DB6CD0C}.Debug|x86.Deploy.0 = Debug|x86
		{053D44C4-5BD5-4064-A776-6F748DB6CD0C}.Release|ARM.ActiveCfg = Release|ARM
		{053D44C4-5BD5-4064-A776-6F748DB6CD0C}.Release|ARM.Build.0 = Release|ARM
		{053D44C4-5BD5-4064-A776-6F748DB6CD0C}.Release|ARM.Deploy.0 = Release|ARM
		{053D44C4-5BD5-4064-A776-6F748DB6CD0C}.Release|x64.ActiveCfg = Release|x64
		{053D44C4-5BD5-4064-A776-6F748DB6CD0C}.Release|x64.Build.0 = Release|x64
		{053D44C4-5BD5-4064-A776-6F748DB6CD0C}.Release|x64.Deploy.0 = Release|x64
		{053D44C4-5BD5-4064-A776-6F748DB6CD0C}.Release|x86.ActiveCfg = Release|x86
		{053D44C4-5BD5-4064-A776-6F748DB6CD0C}.Release|x86.Build.0 = Release|x86
		{053D44C4-5BD5-4064-A776-6F748DB6CD0C}.Release|x86.Deploy.0 = Release|x86
		{0166C4E5-817C-4543-9905-A91CAAE11872}.Debug|ARM.ActiveCfg = Debug|ARM
		{0166C4E5-817C-4543-9905-A91CAAE11872}.Debug|ARM.Build.0 = Debug|ARM
		{0166C4E5-817C-4543-9905-A91CAAE11872}.Debug|ARM.Deploy.0 = Debug|ARM
		{0166C4E5-817C-4543-9905-A91CAAE11872}.Debug|x64.ActiveCfg = Debug|x64
		{0166C4E5-817C-4543-9905-A91CAAE11872}.Debug|x64.Build.0 = Debug|x64
		{0166C4E5-817C-4543-9905-A91CAAE11872}.Debug|x64.Deploy.0 = Debug|x64
		{0166C4E5-817C-4543-9905-A91CAAE11872}.Debug|x86.ActiveCfg = Debug|x86
		{0166C4E5-817C-4543-9905-A91CAAE11872}.Debug|x86.Build.0 = Debug|x86
		{0166C4E5-817C-4543-9905-A91CAAE11872}.Debug|x86.Deploy.0 = Debug|x86
		{0166C4E5-817C-4543-9905-A91CAAE11872}.Release|ARM.ActiveCfg = Release|ARM
		{0166C4E5-817C-4543-9905-A91CAAE11872}.Release|ARM.Build.0 = Release|ARM
		{0166C4E5-817C-4543-9905-A91CAAE11872}.Release|ARM.Deploy.0 = Release|ARM
		{0166C4E5-817C-4543-9905-A91CAAE11872}.Release|x64.ActiveCfg = Release|x64
		{0166C4E5-817C-4543-9905-A91CAAE11872}.Release|x64.Build.0 = Release|x64
		{0166C4E5-817C-4543-9905-A91CAAE11872}.Release|x64.Deploy.0 = Release|x64
		{0166C4E5-817C-4543-9905-A91CAAE11872}.Release|x86.ActiveCfg = Release|x86
		{0166C4E5-817C-4543-9905-A91CAAE11872}.Release|x86.Build.0 = Release|x86
		{0166C4E5-817C-4543-9905-A91CAAE11872}.Release|x86.Deploy.0 = Release|x86
		{37374737-CA0F-4E69-83DD-2441A03A3A32}.Debug|ARM.ActiveCfg = Debug|ARM
		{37374737-CA0F-4E69-83DD-2441A03A3A32}.Debug|ARM.Build.0 = Debug|ARM
		{37374737-CA0F-4E69-83DD-2441A03A3A32}.Debug|ARM.Deploy.0 = Debug|ARM
		{37374737-CA0F-4E69-83DD-2441A03A3A32}.Debug|x64.ActiveCfg = Debug|x64
		{37374737-CA0F-4E69-83DD-2441A03A3A32}.Debug|x64.Build.0 = Debug|x64
		{37374737-CA0F-4E69-83DD-2441A03A3A32}.Debug|x64.Deploy.0 = Debug|x64
		{37374737-CA0F-4E69-83DD-2441A03A3A32}.Debug|x86.ActiveCfg = Debug|x86
		{37374737-CA0F-4E69-83DD-2441A03A3A32}.Debug|x86.Build.0 = Debug|x86
		{37374737-CA0F-4E69-83DD-2441A03A3A32}.Debug|x86.Deploy.0 = Debug|x86
		{37374737-CA0F-4E69-83DD-2441A03A3A32}.Release|ARM.ActiveCfg = Release|ARM
		{37374737-CA0F-4E69-83DD-2441A03A3A32}.Release|ARM.Build.0 = Release|ARM
		{37374737-CA0F-4E69-83DD-2441A03A3A32}.Release|ARM.Deploy.0 = Release|ARM
		{37374737-CA0F-4E69-83DD-2441A03A3A32}.Release|x64.ActiveCfg = Release|x64
		{37374737-CA0F-4E69-83DD-2441A03A3A32}.Release|x64.Build.0 = Release|x64
		{37374737-CA0F-4E69-83DD-2441A03A3A32}.Release|x64.Deploy.0 = Release|x64
		{37374737-CA0F-4E69-83DD-2441A03A3A32}.Release|x86.ActiveCfg = Release|x86
		{37374737-CA0F-4E69-83DD-2441A03A3A32}.Release|x86.Build.0 = Release|x86
		{37374737-CA0F-4E69-83DD-2441A03A3A32}.Release|x86.Deploy.0 = Release|x86
		{C0F6E7C1-A9DC-4E97-B70C-7B6F758F4915}.Debug|ARM.ActiveCfg = Debug|ARM
		{C0F6E7C1-A9DC-4E97-B70C-7B6F758F4915}.Debug|ARM.Build.0 = Debug|ARM
		{C0F6E7C1-A9DC-4E97-B70C-7B6F758F4915}.Debug|ARM.Deploy.0 = Debug|ARM
		{C0F6E7C1-A9DC-4E97-B70C-7B6F758F4915}.Debug|x64.ActiveCfg = Debug|x64
		{C0F6E7C1-A9DC-4E97-B70C-7B6F758F4915}.Debug|x64.Build.0 = Debug|x64
		{C0F6E7C1-A9DC-4E97-B70C-7B6F758F4915}.Debug|x64.Deploy.0 = Debug|x64
		{C0F6E7C1-A9DC-4E97-B70C-7B6F758F4915}.Debug|x86.ActiveCfg = Debug|x86
		{C0F6E7C1-A9DC-4E97-B70C-7B6F758F4915}.Debug|x86.Build.0 = Debug|x86
		{C0F6E7C1-A9DC-4E97-B70C-7B6F758F4915}.Debug|x86.Deploy.0 = Debug|x86
		{C0F6E7C1-A9DC-4E97-B70C-7B6F758F4915}.Release|ARM.ActiveCfg = Release|ARM
		{C0F6E7C1-A9DC-4E97-B70C-7B6F758F4915}.Release|ARM.Build.0 = Release|ARM
		{C0F6E7C1-A9DC-4E97-B70C-7B6F758F4915}.Release|ARM.Deploy.0 = Release|ARM
		{C0F6E7C1-A9DC-4E97-B70C-7B6F758F4915}.Release|x64.ActiveCfg = Release|x64
		{C0F6E7C1-A9DC-4E97-B70C-7B6F758F4915}.Release|x64.Build.0 = Release|x64
		{C0F6E7C1-A9DC-4E97-B70C-7B6F758F4915}.Release|x64.Deploy.0 = Release|x64
		{C0F6E7C1-A9DC-4E97-B70C-7B6F758F4915}.Release|x86.ActiveCfg = Release|x86
		{C0F6E7C1-A9DC-4E97-B70C-7B6F758F4915}.Release|x86.Build.0 = Release|x86
		{C0F6E7C1-A9DC-4E97-B70C-7B6F758F4915}.Release|x86.Deploy.0 = Release|x86
	EndGlobalSection
	GlobalSection(SolutionProperties) = preSolution
		HideSolutionNode = FALSE
	EndGlobalSection
EndGlobal
