<?xml version="1.0" encoding="utf-8"?>
<Project ToolsVersion="4.0" xmlns="http://schemas.microsoft.com/developer/msbuild/2003">
  <ItemGroup>
    <Filter Include="Source Files">
      <UniqueIdentifier>{63883087-7a99-461d-9136-3c6449a96334}</UniqueIdentifier>
      <Extensions>cpp;c;cxx;rc;def;r;odl;idl;hpj;bat</Extensions>
    </Filter>
    <Filter Include="Header Files">
      <UniqueIdentifier>{b4cdb7dd-97c9-444c-a17e-8ee51375f853}</UniqueIdentifier>
      <Extensions>h;hpp;hxx;hm;inl</Extensions>
    </Filter>
    <Filter Include="Resource Files">
      <UniqueIdentifier>{b920b82e-029f-4aaa-a908-973aa70f11f9}</UniqueIdentifier>
      <Extensions>ico;cur;bmp;dlg;rc2;rct;bin;rgs;gif;jpg;jpeg;jpe</Extensions>
    </Filter>
  </ItemGroup>
  <ItemGroup>
    <ClCompile Include="..\body.cpp">
      <Filter>Source Files</Filter>
    </ClCompile>
    <ClCompile Include="..\regex.cpp">
      <Filter>Source Files</Filter>
    </ClCompile>
    <ClCompile Include="sticky2.cpp">
      <Filter>Source Files</Filter>
    </ClCompile>
    <ClCompile Include="..\unzip.cpp">
      <Filter>Source Files</Filter>
    </ClCompile>
    <ClCompile Include="..\utils.cpp">
      <Filter>Source Files</Filter>
    </ClCompile>
  </ItemGroup>
  <ItemGroup>
    <ResourceCompile Include="sticky2.rc">
      <Filter>Source Files</Filter>
    </ResourceCompile>
  </ItemGroup>
  <ItemGroup>
    <ClInclude Include="..\body.h">
      <Filter>Header Files</Filter>
    </ClInclude>
    <ClInclude Include="..\regex.h">
      <Filter>Header Files</Filter>
    </ClInclude>
    <ClInclude Include="..\unzip.h">
      <Filter>Header Files</Filter>
    </ClInclude>
    <ClInclude Include="..\utils.h">
      <Filter>Header Files</Filter>
    </ClInclude>
  </ItemGroup>
  <ItemGroup>
    <Image Include="app.ico">
      <Filter>Resource Files</Filter>
    </Image>
    <Image Include="doc.ico">
      <Filter>Resource Files</Filter>
    </Image>
  </ItemGroup>
  <ItemGroup>
    <None Include="..\sticks\Dancing Stick Guy (Justin).stk" />
    <None Include="close.cur">
      <Filter>Resource Files</Filter>
    </None>
    <None Include="full.cur">
      <Filter>Resource Files</Filter>
    </None>
    <None Include="handle.cur">
      <Filter>Resource Files</Filter>
    </None>
    <None Include="next.cur">
      <Filter>Resource Files</Filter>
    </None>
    <None Include="prev.cur">
      <Filter>Resource Files</Filter>
    </None>
    <None Include="Breakdancing Lobster.stk" />
    <None Include="Girly Goth Dancer (Midnight).stk" />
    <None Include="Spider (Vale).stk" />
  </ItemGroup>
</Project>