<?xml version="1.0" encoding="utf-8"?>
<Project ToolsVersion="4.0" xmlns="http://schemas.microsoft.com/developer/msbuild/2003">
  <ItemGroup>
    <Filter Include="Source Files">
      <UniqueIdentifier>{bf6ba4d7-2b1e-4285-930a-f8550ab7fcbd}</UniqueIdentifier>
      <Extensions>cpp;c;cxx;rc;def;r;odl;idl;hpj;bat</Extensions>
    </Filter>
    <Filter Include="Header Files">
      <UniqueIdentifier>{f3b04d91-e7b7-4a5d-b8af-7262082fee93}</UniqueIdentifier>
      <Extensions>h;hpp;hxx;hm;inl</Extensions>
    </Filter>
    <Filter Include="Resource Files">
      <UniqueIdentifier>{26880c4b-6899-49ea-b697-6bbd9ed40b64}</UniqueIdentifier>
      <Extensions>ico;cur;bmp;dlg;rc2;rct;bin;rgs;gif;jpg;jpeg;jpe</Extensions>
    </Filter>
  </ItemGroup>
  <ItemGroup>
    <ClCompile Include="avi_utils.cpp">
      <Filter>Source Files</Filter>
    </ClCompile>
    <ClCompile Include="..\body.cpp">
      <Filter>Source Files</Filter>
    </ClCompile>
    <ClCompile Include="..\regex.cpp">
      <Filter>Source Files</Filter>
    </ClCompile>
    <ClCompile Include="StickEd.cpp">
      <Filter>Source Files</Filter>
    </ClCompile>
    <ClCompile Include="..\unzip.cpp">
      <Filter>Source Files</Filter>
    </ClCompile>
    <ClCompile Include="..\utils.cpp">
      <Filter>Source Files</Filter>
    </ClCompile>
    <ClCompile Include="..\zip.cpp">
      <Filter>Source Files</Filter>
    </ClCompile>
  </ItemGroup>
  <ItemGroup>
    <ResourceCompile Include="edres.rc">
      <Filter>Source Files</Filter>
    </ResourceCompile>
  </ItemGroup>
  <ItemGroup>
    <ClInclude Include="avi_utils.h">
      <Filter>Header Files</Filter>
    </ClInclude>
    <ClInclude Include="..\body.h">
      <Filter>Header Files</Filter>
    </ClInclude>
    <ClInclude Include="..\regex.h">
      <Filter>Header Files</Filter>
    </ClInclude>
    <ClInclude Include="resource.h">
      <Filter>Header Files</Filter>
    </ClInclude>
    <ClInclude Include="..\unzip.h">
      <Filter>Header Files</Filter>
    </ClInclude>
    <ClInclude Include="..\utils.h">
      <Filter>Header Files</Filter>
    </ClInclude>
    <ClInclude Include="..\zip.h">
      <Filter>Header Files</Filter>
    </ClInclude>
  </ItemGroup>
  <ItemGroup>
    <Image Include="app.ico">
      <Filter>Resource Files</Filter>
    </Image>
    <Image Include="doc.ico">
      <Filter>Resource Files</Filter>
    </Image>
    <Image Include="docs.ico">
      <Filter>Resource Files</Filter>
    </Image>
  </ItemGroup>
  <ItemGroup>
    <None Include="arrow.cur">
      <Filter>Resource Files</Filter>
    </None>
    <None Include="arrowcop.cur">
      <Filter>Resource Files</Filter>
    </None>
    <None Include="cur00001.cur">
      <Filter>Resource Files</Filter>
    </None>
    <None Include="cur00002.cur">
      <Filter>Resource Files</Filter>
    </None>
    <None Include="handle.cur">
      <Filter>Resource Files</Filter>
    </None>
    <None Include="pointer_.cur">
      <Filter>Resource Files</Filter>
    </None>
    <None Include="zoom.cur">
      <Filter>Resource Files</Filter>
    </None>
    <None Include="kylie.dat" />
    <None Include="moby.dat" />
    <None Include="starwars.dat" />
    <None Include="sticked.bpr" />
  </ItemGroup>
  <ItemGroup>
    <CustomBuild Include="StickEd.exe.manifest">
      <Filter>Source Files</Filter>
    </CustomBuild>
  </ItemGroup>
</Project>