
Microsoft Visual Studio Solution File, Format Version 12.00
# Visual Studio 14
VisualStudioVersion = 14.0.23107.0
MinimumVisualStudioVersion = 10.0.40219.1
Project("{F184B08F-C81C-45F6-A57F-5ABD9991F28F}") = "PlatformSpecific", "PlatformSpecific\PlatformSpecific.vbproj", "{25EC45AF-4DF8-4C3B-B5E2-E3A23DBAC14F}"
EndProject
Project("{F184B08F-C81C-45F6-A57F-5ABD9991F28F}") = "DemoConsole_VB", "DemoConsole_VB\DemoConsole_VB.vbproj", "{E1954EDC-26F3-43EB-9E8F-DED9DC39878F}"
	ProjectSection(ProjectDependencies) = postProject
		{25EC45AF-4DF8-4C3B-B5E2-E3A23DBAC14F} = {25EC45AF-4DF8-4C3B-B5E2-E3A23DBAC14F}
	EndProjectSection
EndProject
Project("{FAE04EC0-301F-11D3-BF4B-00C04F79EFBC}") = "DemoConsole_CS", "DemoConsole_CS\DemoConsole_CS.csproj", "{E951E811-E844-4EBA-942C-9EF7CD17484E}"
	ProjectSection(ProjectDependencies) = postProject
		{25EC45AF-4DF8-4C3B-B5E2-E3A23DBAC14F} = {25EC45AF-4DF8-4C3B-B5E2-E3A23DBAC14F}
	EndProjectSection
EndProject
Project("{F184B08F-C81C-45F6-A57F-5ABD9991F28F}") = "DemoUWP_VB", "DemoUWP_VB\DemoUWP_VB.vbproj", "{A1653C98-C594-4AC8-B578-CD5DD29AE405}"
EndProject
Project("{FAE04EC0-301F-11D3-BF4B-00C04F79EFBC}") = "DemoUWP_CS", "DemoUWP_CS\DemoUWP_CS.csproj", "{AED37028-145E-40DD-AD3A-0FF85BD57CD6}"
EndProject
Project("{F184B08F-C81C-45F6-A57F-5ABD9991F28F}") = "PlatformSpecificAnalyzer", "PlatformSpecificAnalyzer\PlatformSpecificAnalyzer.vbproj", "{AE48BF41-3B6F-47BE-BF15-85CA014B6BA1}"
EndProject
Global
	GlobalSection(SolutionConfigurationPlatforms) = preSolution
		Debug|Any CPU = Debug|Any CPU
		Debug|ARM = Debug|ARM
		Debug|x64 = Debug|x64
		Debug|x86 = Debug|x86
		Release|Any CPU = Release|Any CPU
		Release|ARM = Release|ARM
		Release|x64 = Release|x64
		Release|x86 = Release|x86
	EndGlobalSection
	GlobalSection(ProjectConfigurationPlatforms) = postSolution
		{25EC45AF-4DF8-4C3B-B5E2-E3A23DBAC14F}.Debug|Any CPU.ActiveCfg = Debug|Any CPU
		{25EC45AF-4DF8-4C3B-B5E2-E3A23DBAC14F}.Debug|Any CPU.Build.0 = Debug|Any CPU
		{25EC45AF-4DF8-4C3B-B5E2-E3A23DBAC14F}.Debug|ARM.ActiveCfg = Debug|Any CPU
		{25EC45AF-4DF8-4C3B-B5E2-E3A23DBAC14F}.Debug|ARM.Build.0 = Debug|Any CPU
		{25EC45AF-4DF8-4C3B-B5E2-E3A23DBAC14F}.Debug|x64.ActiveCfg = Debug|Any CPU
		{25EC45AF-4DF8-4C3B-B5E2-E3A23DBAC14F}.Debug|x64.Build.0 = Debug|Any CPU
		{25EC45AF-4DF8-4C3B-B5E2-E3A23DBAC14F}.Debug|x86.ActiveCfg = Debug|Any CPU
		{25EC45AF-4DF8-4C3B-B5E2-E3A23DBAC14F}.Debug|x86.Build.0 = Debug|Any CPU
		{25EC45AF-4DF8-4C3B-B5E2-E3A23DBAC14F}.Release|Any CPU.ActiveCfg = Release|Any CPU
		{25EC45AF-4DF8-4C3B-B5E2-E3A23DBAC14F}.Release|Any CPU.Build.0 = Release|Any CPU
		{25EC45AF-4DF8-4C3B-B5E2-E3A23DBAC14F}.Release|ARM.ActiveCfg = Release|Any CPU
		{25EC45AF-4DF8-4C3B-B5E2-E3A23DBAC14F}.Release|ARM.Build.0 = Release|Any CPU
		{25EC45AF-4DF8-4C3B-B5E2-E3A23DBAC14F}.Release|x64.ActiveCfg = Release|Any CPU
		{25EC45AF-4DF8-4C3B-B5E2-E3A23DBAC14F}.Release|x64.Build.0 = Release|Any CPU
		{25EC45AF-4DF8-4C3B-B5E2-E3A23DBAC14F}.Release|x86.ActiveCfg = Release|Any CPU
		{25EC45AF-4DF8-4C3B-B5E2-E3A23DBAC14F}.Release|x86.Build.0 = Release|Any CPU
		{E1954EDC-26F3-43EB-9E8F-DED9DC39878F}.Debug|Any CPU.ActiveCfg = Debug|Any CPU
		{E1954EDC-26F3-43EB-9E8F-DED9DC39878F}.Debug|Any CPU.Build.0 = Debug|Any CPU
		{E1954EDC-26F3-43EB-9E8F-DED9DC39878F}.Debug|ARM.ActiveCfg = Debug|Any CPU
		{E1954EDC-26F3-43EB-9E8F-DED9DC39878F}.Debug|ARM.Build.0 = Debug|Any CPU
		{E1954EDC-26F3-43EB-9E8F-DED9DC39878F}.Debug|x64.ActiveCfg = Debug|Any CPU
		{E1954EDC-26F3-43EB-9E8F-DED9DC39878F}.Debug|x64.Build.0 = Debug|Any CPU
		{E1954EDC-26F3-43EB-9E8F-DED9DC39878F}.Debug|x86.ActiveCfg = Debug|Any CPU
		{E1954EDC-26F3-43EB-9E8F-DED9DC39878F}.Debug|x86.Build.0 = Debug|Any CPU
		{E1954EDC-26F3-43EB-9E8F-DED9DC39878F}.Release|Any CPU.ActiveCfg = Release|Any CPU
		{E1954EDC-26F3-43EB-9E8F-DED9DC39878F}.Release|Any CPU.Build.0 = Release|Any CPU
		{E1954EDC-26F3-43EB-9E8F-DED9DC39878F}.Release|ARM.ActiveCfg = Release|Any CPU
		{E1954EDC-26F3-43EB-9E8F-DED9DC39878F}.Release|ARM.Build.0 = Release|Any CPU
		{E1954EDC-26F3-43EB-9E8F-DED9DC39878F}.Release|x64.ActiveCfg = Release|Any CPU
		{E1954EDC-26F3-43EB-9E8F-DED9DC39878F}.Release|x64.Build.0 = Release|Any CPU
		{E1954EDC-26F3-43EB-9E8F-DED9DC39878F}.Release|x86.ActiveCfg = Release|Any CPU
		{E1954EDC-26F3-43EB-9E8F-DED9DC39878F}.Release|x86.Build.0 = Release|Any CPU
		{E951E811-E844-4EBA-942C-9EF7CD17484E}.Debug|Any CPU.ActiveCfg = Debug|Any CPU
		{E951E811-E844-4EBA-942C-9EF7CD17484E}.Debug|Any CPU.Build.0 = Debug|Any CPU
		{E951E811-E844-4EBA-942C-9EF7CD17484E}.Debug|ARM.ActiveCfg = Debug|Any CPU
		{E951E811-E844-4EBA-942C-9EF7CD17484E}.Debug|ARM.Build.0 = Debug|Any CPU
		{E951E811-E844-4EBA-942C-9EF7CD17484E}.Debug|x64.ActiveCfg = Debug|Any CPU
		{E951E811-E844-4EBA-942C-9EF7CD17484E}.Debug|x64.Build.0 = Debug|Any CPU
		{E951E811-E844-4EBA-942C-9EF7CD17484E}.Debug|x86.ActiveCfg = Debug|Any CPU
		{E951E811-E844-4EBA-942C-9EF7CD17484E}.Debug|x86.Build.0 = Debug|Any CPU
		{E951E811-E844-4EBA-942C-9EF7CD17484E}.Release|Any CPU.ActiveCfg = Release|Any CPU
		{E951E811-E844-4EBA-942C-9EF7CD17484E}.Release|Any CPU.Build.0 = Release|Any CPU
		{E951E811-E844-4EBA-942C-9EF7CD17484E}.Release|ARM.ActiveCfg = Release|Any CPU
		{E951E811-E844-4EBA-942C-9EF7CD17484E}.Release|ARM.Build.0 = Release|Any CPU
		{E951E811-E844-4EBA-942C-9EF7CD17484E}.Release|x64.ActiveCfg = Release|Any CPU
		{E951E811-E844-4EBA-942C-9EF7CD17484E}.Release|x64.Build.0 = Release|Any CPU
		{E951E811-E844-4EBA-942C-9EF7CD17484E}.Release|x86.ActiveCfg = Release|Any CPU
		{E951E811-E844-4EBA-942C-9EF7CD17484E}.Release|x86.Build.0 = Release|Any CPU
		{A1653C98-C594-4AC8-B578-CD5DD29AE405}.Debug|Any CPU.ActiveCfg = Debug|x86
		{A1653C98-C594-4AC8-B578-CD5DD29AE405}.Debug|Any CPU.Build.0 = Debug|x86
		{A1653C98-C594-4AC8-B578-CD5DD29AE405}.Debug|Any CPU.Deploy.0 = Debug|x86
		{A1653C98-C594-4AC8-B578-CD5DD29AE405}.Debug|ARM.ActiveCfg = Debug|ARM
		{A1653C98-C594-4AC8-B578-CD5DD29AE405}.Debug|ARM.Build.0 = Debug|ARM
		{A1653C98-C594-4AC8-B578-CD5DD29AE405}.Debug|ARM.Deploy.0 = Debug|ARM
		{A1653C98-C594-4AC8-B578-CD5DD29AE405}.Debug|x64.ActiveCfg = Debug|x64
		{A1653C98-C594-4AC8-B578-CD5DD29AE405}.Debug|x64.Build.0 = Debug|x64
		{A1653C98-C594-4AC8-B578-CD5DD29AE405}.Debug|x64.Deploy.0 = Debug|x64
		{A1653C98-C594-4AC8-B578-CD5DD29AE405}.Debug|x86.ActiveCfg = Debug|x86
		{A1653C98-C594-4AC8-B578-CD5DD29AE405}.Debug|x86.Build.0 = Debug|x86
		{A1653C98-C594-4AC8-B578-CD5DD29AE405}.Debug|x86.Deploy.0 = Debug|x86
		{A1653C98-C594-4AC8-B578-CD5DD29AE405}.Release|Any CPU.ActiveCfg = Release|x86
		{A1653C98-C594-4AC8-B578-CD5DD29AE405}.Release|Any CPU.Build.0 = Release|x86
		{A1653C98-C594-4AC8-B578-CD5DD29AE405}.Release|Any CPU.Deploy.0 = Release|x86
		{A1653C98-C594-4AC8-B578-CD5DD29AE405}.Release|ARM.ActiveCfg = Release|ARM
		{A1653C98-C594-4AC8-B578-CD5DD29AE405}.Release|ARM.Build.0 = Release|ARM
		{A1653C98-C594-4AC8-B578-CD5DD29AE405}.Release|ARM.Deploy.0 = Release|ARM
		{A1653C98-C594-4AC8-B578-CD5DD29AE405}.Release|x64.ActiveCfg = Release|x64
		{A1653C98-C594-4AC8-B578-CD5DD29AE405}.Release|x64.Build.0 = Release|x64
		{A1653C98-C594-4AC8-B578-CD5DD29AE405}.Release|x64.Deploy.0 = Release|x64
		{A1653C98-C594-4AC8-B578-CD5DD29AE405}.Release|x86.ActiveCfg = Release|x86
		{A1653C98-C594-4AC8-B578-CD5DD29AE405}.Release|x86.Build.0 = Release|x86
		{A1653C98-C594-4AC8-B578-CD5DD29AE405}.Release|x86.Deploy.0 = Release|x86
		{AED37028-145E-40DD-AD3A-0FF85BD57CD6}.Debug|Any CPU.ActiveCfg = Debug|x86
		{AED37028-145E-40DD-AD3A-0FF85BD57CD6}.Debug|Any CPU.Build.0 = Debug|x86
		{AED37028-145E-40DD-AD3A-0FF85BD57CD6}.Debug|Any CPU.Deploy.0 = Debug|x86
		{AED37028-145E-40DD-AD3A-0FF85BD57CD6}.Debug|ARM.ActiveCfg = Debug|ARM
		{AED37028-145E-40DD-AD3A-0FF85BD57CD6}.Debug|ARM.Build.0 = Debug|ARM
		{AED37028-145E-40DD-AD3A-0FF85BD57CD6}.Debug|ARM.Deploy.0 = Debug|ARM
		{AED37028-145E-40DD-AD3A-0FF85BD57CD6}.Debug|x64.ActiveCfg = Debug|x64
		{AED37028-145E-40DD-AD3A-0FF85BD57CD6}.Debug|x64.Build.0 = Debug|x64
		{AED37028-145E-40DD-AD3A-0FF85BD57CD6}.Debug|x64.Deploy.0 = Debug|x64
		{AED37028-145E-40DD-AD3A-0FF85BD57CD6}.Debug|x86.ActiveCfg = Debug|x86
		{AED37028-145E-40DD-AD3A-0FF85BD57CD6}.Debug|x86.Build.0 = Debug|x86
		{AED37028-145E-40DD-AD3A-0FF85BD57CD6}.Debug|x86.Deploy.0 = Debug|x86
		{AED37028-145E-40DD-AD3A-0FF85BD57CD6}.Release|Any CPU.ActiveCfg = Release|x86
		{AED37028-145E-40DD-AD3A-0FF85BD57CD6}.Release|Any CPU.Build.0 = Release|x86
		{AED37028-145E-40DD-AD3A-0FF85BD57CD6}.Release|Any CPU.Deploy.0 = Release|x86
		{AED37028-145E-40DD-AD3A-0FF85BD57CD6}.Release|ARM.ActiveCfg = Release|ARM
		{AED37028-145E-40DD-AD3A-0FF85BD57CD6}.Release|ARM.Build.0 = Release|ARM
		{AED37028-145E-40DD-AD3A-0FF85BD57CD6}.Release|ARM.Deploy.0 = Release|ARM
		{AED37028-145E-40DD-AD3A-0FF85BD57CD6}.Release|x64.ActiveCfg = Release|x64
		{AED37028-145E-40DD-AD3A-0FF85BD57CD6}.Release|x64.Build.0 = Release|x64
		{AED37028-145E-40DD-AD3A-0FF85BD57CD6}.Release|x64.Deploy.0 = Release|x64
		{AED37028-145E-40DD-AD3A-0FF85BD57CD6}.Release|x86.ActiveCfg = Release|x86
		{AED37028-145E-40DD-AD3A-0FF85BD57CD6}.Release|x86.Build.0 = Release|x86
		{AED37028-145E-40DD-AD3A-0FF85BD57CD6}.Release|x86.Deploy.0 = Release|x86
		{AE48BF41-3B6F-47BE-BF15-85CA014B6BA1}.Debug|Any CPU.ActiveCfg = Debug|Any CPU
		{AE48BF41-3B6F-47BE-BF15-85CA014B6BA1}.Debug|Any CPU.Build.0 = Debug|Any CPU
		{AE48BF41-3B6F-47BE-BF15-85CA014B6BA1}.Debug|ARM.ActiveCfg = Debug|Any CPU
		{AE48BF41-3B6F-47BE-BF15-85CA014B6BA1}.Debug|ARM.Build.0 = Debug|Any CPU
		{AE48BF41-3B6F-47BE-BF15-85CA014B6BA1}.Debug|x64.ActiveCfg = Debug|Any CPU
		{AE48BF41-3B6F-47BE-BF15-85CA014B6BA1}.Debug|x64.Build.0 = Debug|Any CPU
		{AE48BF41-3B6F-47BE-BF15-85CA014B6BA1}.Debug|x86.ActiveCfg = Debug|Any CPU
		{AE48BF41-3B6F-47BE-BF15-85CA014B6BA1}.Debug|x86.Build.0 = Debug|Any CPU
		{AE48BF41-3B6F-47BE-BF15-85CA014B6BA1}.Release|Any CPU.ActiveCfg = Release|Any CPU
		{AE48BF41-3B6F-47BE-BF15-85CA014B6BA1}.Release|Any CPU.Build.0 = Release|Any CPU
		{AE48BF41-3B6F-47BE-BF15-85CA014B6BA1}.Release|ARM.ActiveCfg = Release|Any CPU
		{AE48BF41-3B6F-47BE-BF15-85CA014B6BA1}.Release|ARM.Build.0 = Release|Any CPU
		{AE48BF41-3B6F-47BE-BF15-85CA014B6BA1}.Release|x64.ActiveCfg = Release|Any CPU
		{AE48BF41-3B6F-47BE-BF15-85CA014B6BA1}.Release|x64.Build.0 = Release|Any CPU
		{AE48BF41-3B6F-47BE-BF15-85CA014B6BA1}.Release|x86.ActiveCfg = Release|Any CPU
		{AE48BF41-3B6F-47BE-BF15-85CA014B6BA1}.Release|x86.Build.0 = Release|Any CPU
	EndGlobalSection
	GlobalSection(SolutionProperties) = preSolution
		HideSolutionNode = FALSE
	EndGlobalSection
EndGlobal
