
Microsoft Visual Studio Solution File, Format Version 12.00
# Visual Studio 14
VisualStudioVersion = 14.0.22823.1
MinimumVisualStudioVersion = 10.0.40219.1
Project("{F184B08F-C81C-45F6-A57F-5ABD9991F28F}") = "PlatformSpecific", "PlatformSpecific\PlatformSpecific.vbproj", "{25EC45AF-4DF8-4C3B-B5E2-E3A23DBAC14F}"
EndProject
Project("{F184B08F-C81C-45F6-A57F-5ABD9991F28F}") = "DemoUWP_VB", "DemoUWP_VB\DemoUWP_VB.vbproj", "{C31D2E1E-ACFB-4027-A026-F6911A0A429E}"
EndProject
Project("{F184B08F-C81C-45F6-A57F-5ABD9991F28F}") = "DemoConsole_VB", "DemoConsole_VB\DemoConsole_VB.vbproj", "{E1954EDC-26F3-43EB-9E8F-DED9DC39878F}"
EndProject
Project("{F184B08F-C81C-45F6-A57F-5ABD9991F28F}") = "PlatformSpecificAnalyzer", "PlatformSpecificAnalyzer\PlatformSpecificAnalyzer.vbproj", "{DAEDF585-DA76-4D07-8674-66764DCA6664}"
EndProject
Project("{FAE04EC0-301F-11D3-BF4B-00C04F79EFBC}") = "DemoConsole_CS", "DemoConsole_CS\DemoConsole_CS.csproj", "{E951E811-E844-4EBA-942C-9EF7CD17484E}"
EndProject
Project("{FAE04EC0-301F-11D3-BF4B-00C04F79EFBC}") = "DemoUWP_CS", "DemoUWP_CS\DemoUWP_CS.csproj", "{EAECC573-BB61-48BD-8ADA-93FDC41BB85F}"
EndProject
Global
	GlobalSection(SolutionConfigurationPlatforms) = preSolution
		Debug|Any CPU = Debug|Any CPU
		Debug|ARM = Debug|ARM
		Debug|x64 = Debug|x64
		Debug|x86 = Debug|x86
		Release|Any CPU = Release|Any CPU
		Release|ARM = Release|ARM
		Release|x64 = Release|x64
		Release|x86 = Release|x86
	EndGlobalSection
	GlobalSection(ProjectConfigurationPlatforms) = postSolution
		{25EC45AF-4DF8-4C3B-B5E2-E3A23DBAC14F}.Debug|Any CPU.ActiveCfg = Debug|Any CPU
		{25EC45AF-4DF8-4C3B-B5E2-E3A23DBAC14F}.Debug|Any CPU.Build.0 = Debug|Any CPU
		{25EC45AF-4DF8-4C3B-B5E2-E3A23DBAC14F}.Debug|ARM.ActiveCfg = Debug|Any CPU
		{25EC45AF-4DF8-4C3B-B5E2-E3A23DBAC14F}.Debug|ARM.Build.0 = Debug|Any CPU
		{25EC45AF-4DF8-4C3B-B5E2-E3A23DBAC14F}.Debug|x64.ActiveCfg = Debug|Any CPU
		{25EC45AF-4DF8-4C3B-B5E2-E3A23DBAC14F}.Debug|x64.Build.0 = Debug|Any CPU
		{25EC45AF-4DF8-4C3B-B5E2-E3A23DBAC14F}.Debug|x86.ActiveCfg = Debug|Any CPU
		{25EC45AF-4DF8-4C3B-B5E2-E3A23DBAC14F}.Debug|x86.Build.0 = Debug|Any CPU
		{25EC45AF-4DF8-4C3B-B5E2-E3A23DBAC14F}.Release|Any CPU.ActiveCfg = Release|Any CPU
		{25EC45AF-4DF8-4C3B-B5E2-E3A23DBAC14F}.Release|Any CPU.Build.0 = Release|Any CPU
		{25EC45AF-4DF8-4C3B-B5E2-E3A23DBAC14F}.Release|ARM.ActiveCfg = Release|Any CPU
		{25EC45AF-4DF8-4C3B-B5E2-E3A23DBAC14F}.Release|ARM.Build.0 = Release|Any CPU
		{25EC45AF-4DF8-4C3B-B5E2-E3A23DBAC14F}.Release|x64.ActiveCfg = Release|Any CPU
		{25EC45AF-4DF8-4C3B-B5E2-E3A23DBAC14F}.Release|x64.Build.0 = Release|Any CPU
		{25EC45AF-4DF8-4C3B-B5E2-E3A23DBAC14F}.Release|x86.ActiveCfg = Release|Any CPU
		{25EC45AF-4DF8-4C3B-B5E2-E3A23DBAC14F}.Release|x86.Build.0 = Release|Any CPU
		{C31D2E1E-ACFB-4027-A026-F6911A0A429E}.Debug|Any CPU.ActiveCfg = Debug|x86
		{C31D2E1E-ACFB-4027-A026-F6911A0A429E}.Debug|ARM.ActiveCfg = Debug|ARM
		{C31D2E1E-ACFB-4027-A026-F6911A0A429E}.Debug|ARM.Build.0 = Debug|ARM
		{C31D2E1E-ACFB-4027-A026-F6911A0A429E}.Debug|ARM.Deploy.0 = Debug|ARM
		{C31D2E1E-ACFB-4027-A026-F6911A0A429E}.Debug|x64.ActiveCfg = Debug|x64
		{C31D2E1E-ACFB-4027-A026-F6911A0A429E}.Debug|x64.Build.0 = Debug|x64
		{C31D2E1E-ACFB-4027-A026-F6911A0A429E}.Debug|x64.Deploy.0 = Debug|x64
		{C31D2E1E-ACFB-4027-A026-F6911A0A429E}.Debug|x86.ActiveCfg = Debug|x86
		{C31D2E1E-ACFB-4027-A026-F6911A0A429E}.Debug|x86.Build.0 = Debug|x86
		{C31D2E1E-ACFB-4027-A026-F6911A0A429E}.Debug|x86.Deploy.0 = Debug|x86
		{C31D2E1E-ACFB-4027-A026-F6911A0A429E}.Release|Any CPU.ActiveCfg = Release|x86
		{C31D2E1E-ACFB-4027-A026-F6911A0A429E}.Release|ARM.ActiveCfg = Release|ARM
		{C31D2E1E-ACFB-4027-A026-F6911A0A429E}.Release|ARM.Build.0 = Release|ARM
		{C31D2E1E-ACFB-4027-A026-F6911A0A429E}.Release|ARM.Deploy.0 = Release|ARM
		{C31D2E1E-ACFB-4027-A026-F6911A0A429E}.Release|x64.ActiveCfg = Release|x64
		{C31D2E1E-ACFB-4027-A026-F6911A0A429E}.Release|x64.Build.0 = Release|x64
		{C31D2E1E-ACFB-4027-A026-F6911A0A429E}.Release|x64.Deploy.0 = Release|x64
		{C31D2E1E-ACFB-4027-A026-F6911A0A429E}.Release|x86.ActiveCfg = Release|x86
		{C31D2E1E-ACFB-4027-A026-F6911A0A429E}.Release|x86.Build.0 = Release|x86
		{C31D2E1E-ACFB-4027-A026-F6911A0A429E}.Release|x86.Deploy.0 = Release|x86
		{E1954EDC-26F3-43EB-9E8F-DED9DC39878F}.Debug|Any CPU.ActiveCfg = Debug|Any CPU
		{E1954EDC-26F3-43EB-9E8F-DED9DC39878F}.Debug|Any CPU.Build.0 = Debug|Any CPU
		{E1954EDC-26F3-43EB-9E8F-DED9DC39878F}.Debug|ARM.ActiveCfg = Debug|Any CPU
		{E1954EDC-26F3-43EB-9E8F-DED9DC39878F}.Debug|ARM.Build.0 = Debug|Any CPU
		{E1954EDC-26F3-43EB-9E8F-DED9DC39878F}.Debug|x64.ActiveCfg = Debug|Any CPU
		{E1954EDC-26F3-43EB-9E8F-DED9DC39878F}.Debug|x64.Build.0 = Debug|Any CPU
		{E1954EDC-26F3-43EB-9E8F-DED9DC39878F}.Debug|x86.ActiveCfg = Debug|Any CPU
		{E1954EDC-26F3-43EB-9E8F-DED9DC39878F}.Debug|x86.Build.0 = Debug|Any CPU
		{E1954EDC-26F3-43EB-9E8F-DED9DC39878F}.Release|Any CPU.ActiveCfg = Release|Any CPU
		{E1954EDC-26F3-43EB-9E8F-DED9DC39878F}.Release|Any CPU.Build.0 = Release|Any CPU
		{E1954EDC-26F3-43EB-9E8F-DED9DC39878F}.Release|ARM.ActiveCfg = Release|Any CPU
		{E1954EDC-26F3-43EB-9E8F-DED9DC39878F}.Release|ARM.Build.0 = Release|Any CPU
		{E1954EDC-26F3-43EB-9E8F-DED9DC39878F}.Release|x64.ActiveCfg = Release|Any CPU
		{E1954EDC-26F3-43EB-9E8F-DED9DC39878F}.Release|x64.Build.0 = Release|Any CPU
		{E1954EDC-26F3-43EB-9E8F-DED9DC39878F}.Release|x86.ActiveCfg = Release|Any CPU
		{E1954EDC-26F3-43EB-9E8F-DED9DC39878F}.Release|x86.Build.0 = Release|Any CPU
		{DAEDF585-DA76-4D07-8674-66764DCA6664}.Debug|Any CPU.ActiveCfg = Debug|Any CPU
		{DAEDF585-DA76-4D07-8674-66764DCA6664}.Debug|Any CPU.Build.0 = Debug|Any CPU
		{DAEDF585-DA76-4D07-8674-66764DCA6664}.Debug|ARM.ActiveCfg = Debug|Any CPU
		{DAEDF585-DA76-4D07-8674-66764DCA6664}.Debug|ARM.Build.0 = Debug|Any CPU
		{DAEDF585-DA76-4D07-8674-66764DCA6664}.Debug|x64.ActiveCfg = Debug|Any CPU
		{DAEDF585-DA76-4D07-8674-66764DCA6664}.Debug|x64.Build.0 = Debug|Any CPU
		{DAEDF585-DA76-4D07-8674-66764DCA6664}.Debug|x86.ActiveCfg = Debug|Any CPU
		{DAEDF585-DA76-4D07-8674-66764DCA6664}.Debug|x86.Build.0 = Debug|Any CPU
		{DAEDF585-DA76-4D07-8674-66764DCA6664}.Release|Any CPU.ActiveCfg = Release|Any CPU
		{DAEDF585-DA76-4D07-8674-66764DCA6664}.Release|Any CPU.Build.0 = Release|Any CPU
		{DAEDF585-DA76-4D07-8674-66764DCA6664}.Release|ARM.ActiveCfg = Release|Any CPU
		{DAEDF585-DA76-4D07-8674-66764DCA6664}.Release|ARM.Build.0 = Release|Any CPU
		{DAEDF585-DA76-4D07-8674-66764DCA6664}.Release|x64.ActiveCfg = Release|Any CPU
		{DAEDF585-DA76-4D07-8674-66764DCA6664}.Release|x64.Build.0 = Release|Any CPU
		{DAEDF585-DA76-4D07-8674-66764DCA6664}.Release|x86.ActiveCfg = Release|Any CPU
		{DAEDF585-DA76-4D07-8674-66764DCA6664}.Release|x86.Build.0 = Release|Any CPU
		{E951E811-E844-4EBA-942C-9EF7CD17484E}.Debug|Any CPU.ActiveCfg = Debug|Any CPU
		{E951E811-E844-4EBA-942C-9EF7CD17484E}.Debug|Any CPU.Build.0 = Debug|Any CPU
		{E951E811-E844-4EBA-942C-9EF7CD17484E}.Debug|ARM.ActiveCfg = Debug|Any CPU
		{E951E811-E844-4EBA-942C-9EF7CD17484E}.Debug|ARM.Build.0 = Debug|Any CPU
		{E951E811-E844-4EBA-942C-9EF7CD17484E}.Debug|x64.ActiveCfg = Debug|Any CPU
		{E951E811-E844-4EBA-942C-9EF7CD17484E}.Debug|x64.Build.0 = Debug|Any CPU
		{E951E811-E844-4EBA-942C-9EF7CD17484E}.Debug|x86.ActiveCfg = Debug|Any CPU
		{E951E811-E844-4EBA-942C-9EF7CD17484E}.Debug|x86.Build.0 = Debug|Any CPU
		{E951E811-E844-4EBA-942C-9EF7CD17484E}.Release|Any CPU.ActiveCfg = Release|Any CPU
		{E951E811-E844-4EBA-942C-9EF7CD17484E}.Release|Any CPU.Build.0 = Release|Any CPU
		{E951E811-E844-4EBA-942C-9EF7CD17484E}.Release|ARM.ActiveCfg = Release|Any CPU
		{E951E811-E844-4EBA-942C-9EF7CD17484E}.Release|ARM.Build.0 = Release|Any CPU
		{E951E811-E844-4EBA-942C-9EF7CD17484E}.Release|x64.ActiveCfg = Release|Any CPU
		{E951E811-E844-4EBA-942C-9EF7CD17484E}.Release|x64.Build.0 = Release|Any CPU
		{E951E811-E844-4EBA-942C-9EF7CD17484E}.Release|x86.ActiveCfg = Release|Any CPU
		{E951E811-E844-4EBA-942C-9EF7CD17484E}.Release|x86.Build.0 = Release|Any CPU
		{EAECC573-BB61-48BD-8ADA-93FDC41BB85F}.Debug|Any CPU.ActiveCfg = Debug|x86
		{EAECC573-BB61-48BD-8ADA-93FDC41BB85F}.Debug|ARM.ActiveCfg = Debug|ARM
		{EAECC573-BB61-48BD-8ADA-93FDC41BB85F}.Debug|ARM.Build.0 = Debug|ARM
		{EAECC573-BB61-48BD-8ADA-93FDC41BB85F}.Debug|ARM.Deploy.0 = Debug|ARM
		{EAECC573-BB61-48BD-8ADA-93FDC41BB85F}.Debug|x64.ActiveCfg = Debug|x64
		{EAECC573-BB61-48BD-8ADA-93FDC41BB85F}.Debug|x64.Build.0 = Debug|x64
		{EAECC573-BB61-48BD-8ADA-93FDC41BB85F}.Debug|x64.Deploy.0 = Debug|x64
		{EAECC573-BB61-48BD-8ADA-93FDC41BB85F}.Debug|x86.ActiveCfg = Debug|x86
		{EAECC573-BB61-48BD-8ADA-93FDC41BB85F}.Debug|x86.Build.0 = Debug|x86
		{EAECC573-BB61-48BD-8ADA-93FDC41BB85F}.Debug|x86.Deploy.0 = Debug|x86
		{EAECC573-BB61-48BD-8ADA-93FDC41BB85F}.Release|Any CPU.ActiveCfg = Release|x86
		{EAECC573-BB61-48BD-8ADA-93FDC41BB85F}.Release|ARM.ActiveCfg = Release|ARM
		{EAECC573-BB61-48BD-8ADA-93FDC41BB85F}.Release|ARM.Build.0 = Release|ARM
		{EAECC573-BB61-48BD-8ADA-93FDC41BB85F}.Release|ARM.Deploy.0 = Release|ARM
		{EAECC573-BB61-48BD-8ADA-93FDC41BB85F}.Release|x64.ActiveCfg = Release|x64
		{EAECC573-BB61-48BD-8ADA-93FDC41BB85F}.Release|x64.Build.0 = Release|x64
		{EAECC573-BB61-48BD-8ADA-93FDC41BB85F}.Release|x64.Deploy.0 = Release|x64
		{EAECC573-BB61-48BD-8ADA-93FDC41BB85F}.Release|x86.ActiveCfg = Release|x86
		{EAECC573-BB61-48BD-8ADA-93FDC41BB85F}.Release|x86.Build.0 = Release|x86
		{EAECC573-BB61-48BD-8ADA-93FDC41BB85F}.Release|x86.Deploy.0 = Release|x86
	EndGlobalSection
	GlobalSection(SolutionProperties) = preSolution
		HideSolutionNode = FALSE
	EndGlobalSection
EndGlobal
