
Microsoft Visual Studio Solution File, Format Version 12.00
# Visual Studio 14
VisualStudioVersion = 14.0.24720.0
MinimumVisualStudioVersion = 10.0.40219.1
Project("{F184B08F-C81C-45F6-A57F-5ABD9991F28F}") = "PlatformSpecific", "PlatformSpecific\PlatformSpecific.vbproj", "{25EC45AF-4DF8-4C3B-B5E2-E3A23DBAC14F}"
EndProject
Project("{F184B08F-C81C-45F6-A57F-5ABD9991F28F}") = "DemoUWP_VB", "DemoUWP_VB\DemoUWP_VB.vbproj", "{A1653C98-C594-4AC8-B578-CD5DD29AE405}"
EndProject
Project("{FAE04EC0-301F-11D3-BF4B-00C04F79EFBC}") = "DemoUWP_CS", "DemoUWP_CS\DemoUWP_CS.csproj", "{AED37028-145E-40DD-AD3A-0FF85BD57CD6}"
EndProject
Project("{F184B08F-C81C-45F6-A57F-5ABD9991F28F}") = "PlatformSpecificAnalyzer", "PlatformSpecificAnalyzer\PlatformSpecificAnalyzer.vbproj", "{ED2D07E6-6C7E-4EB3-8BB0-012CD41E60EE}"
EndProject
Global
	GlobalSection(SolutionConfigurationPlatforms) = preSolution
		Debug|Any CPU = Debug|Any CPU
		Debug|ARM = Debug|ARM
		Debug|x64 = Debug|x64
		Debug|x86 = Debug|x86
		Release|Any CPU = Release|Any CPU
		Release|ARM = Release|ARM
		Release|x64 = Release|x64
		Release|x86 = Release|x86
	EndGlobalSection
	GlobalSection(ProjectConfigurationPlatforms) = postSolution
		{25EC45AF-4DF8-4C3B-B5E2-E3A23DBAC14F}.Debug|Any CPU.ActiveCfg = Debug|Any CPU
		{25EC45AF-4DF8-4C3B-B5E2-E3A23DBAC14F}.Debug|Any CPU.Build.0 = Debug|Any CPU
		{25EC45AF-4DF8-4C3B-B5E2-E3A23DBAC14F}.Debug|ARM.ActiveCfg = Debug|Any CPU
		{25EC45AF-4DF8-4C3B-B5E2-E3A23DBAC14F}.Debug|ARM.Build.0 = Debug|Any CPU
		{25EC45AF-4DF8-4C3B-B5E2-E3A23DBAC14F}.Debug|x64.ActiveCfg = Debug|Any CPU
		{25EC45AF-4DF8-4C3B-B5E2-E3A23DBAC14F}.Debug|x64.Build.0 = Debug|Any CPU
		{25EC45AF-4DF8-4C3B-B5E2-E3A23DBAC14F}.Debug|x86.ActiveCfg = Debug|Any CPU
		{25EC45AF-4DF8-4C3B-B5E2-E3A23DBAC14F}.Debug|x86.Build.0 = Debug|Any CPU
		{25EC45AF-4DF8-4C3B-B5E2-E3A23DBAC14F}.Release|Any CPU.ActiveCfg = Release|Any CPU
		{25EC45AF-4DF8-4C3B-B5E2-E3A23DBAC14F}.Release|Any CPU.Build.0 = Release|Any CPU
		{25EC45AF-4DF8-4C3B-B5E2-E3A23DBAC14F}.Release|ARM.ActiveCfg = Release|Any CPU
		{25EC45AF-4DF8-4C3B-B5E2-E3A23DBAC14F}.Release|ARM.Build.0 = Release|Any CPU
		{25EC45AF-4DF8-4C3B-B5E2-E3A23DBAC14F}.Release|x64.ActiveCfg = Release|Any CPU
		{25EC45AF-4DF8-4C3B-B5E2-E3A23DBAC14F}.Release|x64.Build.0 = Release|Any CPU
		{25EC45AF-4DF8-4C3B-B5E2-E3A23DBAC14F}.Release|x86.ActiveCfg = Release|Any CPU
		{25EC45AF-4DF8-4C3B-B5E2-E3A23DBAC14F}.Release|x86.Build.0 = Release|Any CPU
		{A1653C98-C594-4AC8-B578-CD5DD29AE405}.Debug|Any CPU.ActiveCfg = Debug|x86
		{A1653C98-C594-4AC8-B578-CD5DD29AE405}.Debug|Any CPU.Build.0 = Debug|x86
		{A1653C98-C594-4AC8-B578-CD5DD29AE405}.Debug|Any CPU.Deploy.0 = Debug|x86
		{A1653C98-C594-4AC8-B578-CD5DD29AE405}.Debug|ARM.ActiveCfg = Debug|ARM
		{A1653C98-C594-4AC8-B578-CD5DD29AE405}.Debug|ARM.Build.0 = Debug|ARM
		{A1653C98-C594-4AC8-B578-CD5DD29AE405}.Debug|ARM.Deploy.0 = Debug|ARM
		{A1653C98-C594-4AC8-B578-CD5DD29AE405}.Debug|x64.ActiveCfg = Debug|x64
		{A1653C98-C594-4AC8-B578-CD5DD29AE405}.Debug|x64.Build.0 = Debug|x64
		{A1653C98-C594-4AC8-B578-CD5DD29AE405}.Debug|x64.Deploy.0 = Debug|x64
		{A1653C98-C594-4AC8-B578-CD5DD29AE405}.Debug|x86.ActiveCfg = Debug|x86
		{A1653C98-C594-4AC8-B578-CD5DD29AE405}.Debug|x86.Build.0 = Debug|x86
		{A1653C98-C594-4AC8-B578-CD5DD29AE405}.Debug|x86.Deploy.0 = Debug|x86
		{A1653C98-C594-4AC8-B578-CD5DD29AE405}.Release|Any CPU.ActiveCfg = Release|x86
		{A1653C98-C594-4AC8-B578-CD5DD29AE405}.Release|Any CPU.Build.0 = Release|x86
		{A1653C98-C594-4AC8-B578-CD5DD29AE405}.Release|Any CPU.Deploy.0 = Release|x86
		{A1653C98-C594-4AC8-B578-CD5DD29AE405}.Release|ARM.ActiveCfg = Release|ARM
		{A1653C98-C594-4AC8-B578-CD5DD29AE405}.Release|ARM.Build.0 = Release|ARM
		{A1653C98-C594-4AC8-B578-CD5DD29AE405}.Release|ARM.Deploy.0 = Release|ARM
		{A1653C98-C594-4AC8-B578-CD5DD29AE405}.Release|x64.ActiveCfg = Release|x64
		{A1653C98-C594-4AC8-B578-CD5DD29AE405}.Release|x64.Build.0 = Release|x64
		{A1653C98-C594-4AC8-B578-CD5DD29AE405}.Release|x64.Deploy.0 = Release|x64
		{A1653C98-C594-4AC8-B578-CD5DD29AE405}.Release|x86.ActiveCfg = Release|x86
		{A1653C98-C594-4AC8-B578-CD5DD29AE405}.Release|x86.Build.0 = Release|x86
		{A1653C98-C594-4AC8-B578-CD5DD29AE405}.Release|x86.Deploy.0 = Release|x86
		{AED37028-145E-40DD-AD3A-0FF85BD57CD6}.Debug|Any CPU.ActiveCfg = Debug|x86
		{AED37028-145E-40DD-AD3A-0FF85BD57CD6}.Debug|Any CPU.Build.0 = Debug|x86
		{AED37028-145E-40DD-AD3A-0FF85BD57CD6}.Debug|Any CPU.Deploy.0 = Debug|x86
		{AED37028-145E-40DD-AD3A-0FF85BD57CD6}.Debug|ARM.ActiveCfg = Debug|ARM
		{AED37028-145E-40DD-AD3A-0FF85BD57CD6}.Debug|ARM.Build.0 = Debug|ARM
		{AED37028-145E-40DD-AD3A-0FF85BD57CD6}.Debug|ARM.Deploy.0 = Debug|ARM
		{AED37028-145E-40DD-AD3A-0FF85BD57CD6}.Debug|x64.ActiveCfg = Debug|x64
		{AED37028-145E-40DD-AD3A-0FF85BD57CD6}.Debug|x64.Build.0 = Debug|x64
		{AED37028-145E-40DD-AD3A-0FF85BD57CD6}.Debug|x64.Deploy.0 = Debug|x64
		{AED37028-145E-40DD-AD3A-0FF85BD57CD6}.Debug|x86.ActiveCfg = Debug|x86
		{AED37028-145E-40DD-AD3A-0FF85BD57CD6}.Debug|x86.Build.0 = Debug|x86
		{AED37028-145E-40DD-AD3A-0FF85BD57CD6}.Debug|x86.Deploy.0 = Debug|x86
		{AED37028-145E-40DD-AD3A-0FF85BD57CD6}.Release|Any CPU.ActiveCfg = Release|x86
		{AED37028-145E-40DD-AD3A-0FF85BD57CD6}.Release|Any CPU.Build.0 = Release|x86
		{AED37028-145E-40DD-AD3A-0FF85BD57CD6}.Release|Any CPU.Deploy.0 = Release|x86
		{AED37028-145E-40DD-AD3A-0FF85BD57CD6}.Release|ARM.ActiveCfg = Release|ARM
		{AED37028-145E-40DD-AD3A-0FF85BD57CD6}.Release|ARM.Build.0 = Release|ARM
		{AED37028-145E-40DD-AD3A-0FF85BD57CD6}.Release|ARM.Deploy.0 = Release|ARM
		{AED37028-145E-40DD-AD3A-0FF85BD57CD6}.Release|x64.ActiveCfg = Release|x64
		{AED37028-145E-40DD-AD3A-0FF85BD57CD6}.Release|x64.Build.0 = Release|x64
		{AED37028-145E-40DD-AD3A-0FF85BD57CD6}.Release|x64.Deploy.0 = Release|x64
		{AED37028-145E-40DD-AD3A-0FF85BD57CD6}.Release|x86.ActiveCfg = Release|x86
		{AED37028-145E-40DD-AD3A-0FF85BD57CD6}.Release|x86.Build.0 = Release|x86
		{AED37028-145E-40DD-AD3A-0FF85BD57CD6}.Release|x86.Deploy.0 = Release|x86
		{ED2D07E6-6C7E-4EB3-8BB0-012CD41E60EE}.Debug|Any CPU.ActiveCfg = Debug|Any CPU
		{ED2D07E6-6C7E-4EB3-8BB0-012CD41E60EE}.Debug|Any CPU.Build.0 = Debug|Any CPU
		{ED2D07E6-6C7E-4EB3-8BB0-012CD41E60EE}.Debug|ARM.ActiveCfg = Debug|Any CPU
		{ED2D07E6-6C7E-4EB3-8BB0-012CD41E60EE}.Debug|ARM.Build.0 = Debug|Any CPU
		{ED2D07E6-6C7E-4EB3-8BB0-012CD41E60EE}.Debug|x64.ActiveCfg = Debug|Any CPU
		{ED2D07E6-6C7E-4EB3-8BB0-012CD41E60EE}.Debug|x64.Build.0 = Debug|Any CPU
		{ED2D07E6-6C7E-4EB3-8BB0-012CD41E60EE}.Debug|x86.ActiveCfg = Debug|Any CPU
		{ED2D07E6-6C7E-4EB3-8BB0-012CD41E60EE}.Debug|x86.Build.0 = Debug|Any CPU
		{ED2D07E6-6C7E-4EB3-8BB0-012CD41E60EE}.Release|Any CPU.ActiveCfg = Release|Any CPU
		{ED2D07E6-6C7E-4EB3-8BB0-012CD41E60EE}.Release|Any CPU.Build.0 = Release|Any CPU
		{ED2D07E6-6C7E-4EB3-8BB0-012CD41E60EE}.Release|ARM.ActiveCfg = Release|Any CPU
		{ED2D07E6-6C7E-4EB3-8BB0-012CD41E60EE}.Release|ARM.Build.0 = Release|Any CPU
		{ED2D07E6-6C7E-4EB3-8BB0-012CD41E60EE}.Release|x64.ActiveCfg = Release|Any CPU
		{ED2D07E6-6C7E-4EB3-8BB0-012CD41E60EE}.Release|x64.Build.0 = Release|Any CPU
		{ED2D07E6-6C7E-4EB3-8BB0-012CD41E60EE}.Release|x86.ActiveCfg = Release|Any CPU
		{ED2D07E6-6C7E-4EB3-8BB0-012CD41E60EE}.Release|x86.Build.0 = Release|Any CPU
	EndGlobalSection
	GlobalSection(SolutionProperties) = preSolution
		HideSolutionNode = FALSE
	EndGlobalSection
EndGlobal
